{
    "version": 3,
    "terraform_version": "0.11.4",
    "serial": 4,
    "lineage": "14092fb9-e004-b98d-6893-9dfc0ca07310",
    "modules": [
        {
            "path": [
                "root"
            ],
            "outputs": {
                "ip": {
                    "sensitive": false,
                    "type": "string",
                    "value": "global-apigateway-ip"
                }
            },
            "resources": {
                "google_compute_global_address.default": {
                    "type": "google_compute_global_address",
                    "depends_on": [],
                    "primary": {
                        "id": "global-apigateway-ip",
                        "attributes": {
                            "address": "35.190.21.106",
                            "id": "global-apigateway-ip",
                            "ip_version": "",
                            "name": "global-apigateway-ip",
                            "project": "petclinic-198518",
                            "self_link": "https://www.googleapis.com/compute/v1/projects/petclinic-198518/global/addresses/global-apigateway-ip"
                        },
                        "meta": {},
                        "tainted": false
                    },
                    "deposed": [],
                    "provider": "provider.google"
                },
                "google_container_cluster.gcp_kubernetes": {
                    "type": "google_container_cluster",
                    "depends_on": [],
                    "primary": {
                        "id": "petclinic",
                        "attributes": {
                            "additional_zones.#": "0",
                            "addons_config.#": "1",
                            "addons_config.0.horizontal_pod_autoscaling.#": "0",
                            "addons_config.0.http_load_balancing.#": "0",
                            "addons_config.0.kubernetes_dashboard.#": "0",
                            "addons_config.0.network_policy_config.#": "1",
                            "addons_config.0.network_policy_config.0.disabled": "true",
                            "cluster_ipv4_cidr": "10.20.0.0/14",
                            "description": "",
                            "enable_kubernetes_alpha": "false",
                            "enable_legacy_abac": "true",
                            "endpoint": "35.202.17.225",
                            "id": "petclinic",
                            "initial_node_count": "0",
                            "instance_group_urls.#": "1",
                            "instance_group_urls.0": "https://www.googleapis.com/compute/v1/projects/petclinic-198518/zones/us-central1-a/instanceGroups/gke-petclinic-default-pool-ecd8ba69-grp",
                            "logging_service": "logging.googleapis.com",
                            "master_auth.#": "1",
                            "master_auth.0.client_certificate": "LS0tLS1CRUdJTiBDRVJUSUZJQ0FURS0tLS0tCk1JSUMyekNDQWNPZ0F3SUJBZ0lSQUtVdnp3b01WNG1sYjQ1ZjlDN2FEdkV3RFFZSktvWklodmNOQVFFTEJRQXcKTHpFdE1Dc0dBMVVFQXhNa05qUmtaREEwWlRFdE9URmhaUzAwTUdaa0xUazFPV1V0WXpSbVlXWmpaalJqTnpZeQpNQjRYRFRFNE1ETXlNVEl6TXpNd01Wb1hEVEl6TURNeU1ESXpNek13TVZvd0VURVBNQTBHQTFVRUF4TUdZMnhwClpXNTBNSUlCSWpBTkJna3Foa2lHOXcwQkFRRUZBQU9DQVE4QU1JSUJDZ0tDQVFFQW1jUE5HMUpkY214YVlEdSsKVlpjeUdOU2V0QXYyYUZyQjBRVnJLNUxaWCszUzk3MmNpVitIdU1MVEVHSEMxUmpiUEpkRnpTWHV0c1M0d0puRwpHUkxNUWsza3NjUi9BMG9UZncrWEx6cFBKa1dYM1hEWEI0OHQwN0g0Q2N0S3ZkUjUvcjQ5ZFJybytYYklSSERTCmJyZGQ4KzlKc2YyaTlScFU0OTJGS3A4cG9sdjFXcnZvZ0xxRUc3Ymk5TUxRMDYyVDhBUEVoN0J4SXpYZ2l4ak4KWUdDMi9EZ2FhMUY1dTVySHRVclRBUldTUTZ0R3gyQUp5aFVIdTFkSUxyWXdMUHFPOTk3RFJ2djZLd0hYVEgvSwp2bzJEd0ZVblZTbXVDb3laMThmd290RXBPamZOVytBeCs5TjgvR2dsbVVobDY3OEgvS0s4NWNVbTNRVG9IeUUyCnc3YXNqd0lEQVFBQm94QXdEakFNQmdOVkhSTUJBZjhFQWpBQU1BMEdDU3FHU0liM0RRRUJDd1VBQTRJQkFRQ2gKU2VTdEFvMTQwTzROS3BjRjhISmNmZFhTQXB0OUlYR3k1a1Rwck9aT1AwbHJxTEcvT0o4UXB2amE0WmtsVHFnRgpiVkhpQVFQTDU4L0l0bWlyZVBBYUZ6Q2JkUWZUa3hkYllpSnlicDBrUHkrSFEzL0EwbzhkbWh4eFFMWi9OZkk4CldHY2d5Mzg1L2JRcnp5Skdhc2Y2VDJMTDFLejlmWGE3Rm9UZVFiVGdqazdpRDNMYmZMS2VNdVhoN0hXRXVYMjgKeE5wc0FPbGtsaGl2Uzd0czRvSURLSVhzVjRpZHZxeUdIaUU2cnJwRG92d09oVjVVYk9NWTNyQ1NpYnlmZUhlcwpNOHUwNXNEclNTZnBieW16bWdCRXVObUVPOXpqV3pkcTA1bWRFZlpIMjNYdkwvNnFlczJMcnI5RCtta01QamJUCm9ZYUE0RWdhV0JKV29KMTk5M2toCi0tLS0tRU5EIENFUlRJRklDQVRFLS0tLS0K",
                            "master_auth.0.client_key": "LS0tLS1CRUdJTiBSU0EgUFJJVkFURSBLRVktLS0tLQpNSUlFb3dJQkFBS0NBUUVBbWNQTkcxSmRjbXhhWUR1K1ZaY3lHTlNldEF2MmFGckIwUVZySzVMWlgrM1M5NzJjCmlWK0h1TUxURUdIQzFSamJQSmRGelNYdXRzUzR3Sm5HR1JMTVFrM2tzY1IvQTBvVGZ3K1hMenBQSmtXWDNYRFgKQjQ4dDA3SDRDY3RLdmRSNS9yNDlkUnJvK1hiSVJIRFNicmRkOCs5SnNmMmk5UnBVNDkyRktwOHBvbHYxV3J2bwpnTHFFRzdiaTlNTFEwNjJUOEFQRWg3QnhJelhnaXhqTllHQzIvRGdhYTFGNXU1ckh0VXJUQVJXU1E2dEd4MkFKCnloVUh1MWRJTHJZd0xQcU85OTdEUnZ2Nkt3SFhUSC9Ldm8yRHdGVW5WU211Q295WjE4ZndvdEVwT2pmTlcrQXgKKzlOOC9HZ2xtVWhsNjc4SC9LSzg1Y1VtM1FUb0h5RTJ3N2FzandJREFRQUJBb0lCQUJ5Y3ZiYmV6YnEwQk9FeApYTXFLZHV6OTY0WXZUNnU5YjZGWWM4Zkk3S0FZSGhDeGZNWm5PMWNiRWJGVHI3QjlqcFlvdy9sWG5LTHYyajBrCm9DTWNSMXZ6S0tJWG9WYllXdVppM1V3UmVwYnhqai9MZG9mV2tiMTV1V0VCTGloQ3VHeTVzNi90MFBwU3F4TnAKTnc4WkdlZUJXR0pCZ3lnK3ZSc2xwbGozQXdWTjgwUXBTRlJOYVZmUmFsTTBjVzVyQytMRWtJdXhaK1BHTGVrUwoyTDhualVXL3dMUnN6aEcrL1pIZUJCS3JBR0pOQ0hCM09ralBjNytST2ZtK09mZUNpd1paMjJzRzUvTS9KLzZiCmFoc0d6TWFNOFZEUWZpTDFpbk5HNVEvdER2L3ZUWHZneTAyd1VyN1NqbEpLMXo3Q1N1S3l0RVVidk8vSnl1MmYKcTVSK3htRUNnWUVBMVJjREFNZTVWU0tDRFB2WFZrRmNMMm16YWwvRUVwN1JwVER4NFg1V1l2V2VVaTl3SHd5dgpGc1B4clQ4WG9ROHViVXZJSVFIcmhRV2wwM0hpVHdCNGlveUs0UFJSdjFUclVxQUJ3ZWRxS2ZmVG9XZjRrNnA5Ck0rVGF3ZGZvYU9vNDR1cEdrYzEvOHlhSHJZRzlVemZkei9xazhjV3NNRjBBSlc1eVluSVlFUEVDZ1lFQXVMcUcKMUJVcWRpeVpzMDBhZk96enlETVhYMnRxRHU2UmxPWk5Gc3FBZHFLNElKdDlOZ1R5QzVHeUI1NmVWN1FoOEE5WAo4NGR5M2R1RmpNWTZXVUU4eTNMWWFhbUF2K3gyb3ZNVW5pQ3lYL0tVaTM2YjN0VHptSkNpTzhVQ0FhUHY4SWNYCkhRTHhlWVY5eUI0UmhGSW1WU1VwZFRxc2FVWkE4MzBDTDJhS2xYOENnWUJtMDdEdVNuS2pvNEJRVmFMbkM2azUKYys5Uk1KOUVRUUYzam5QYVZZWElRVEJDQm9RN1ozcUNLTkhSd1RWYzBoK2NQRXA1cXh5RTEySGE5QVM2RE1jZQpUSTJqMmlJc2l3VDNuU0RiK2hqZjRhaHRKZWZ0RWdOUzdHZW56TkZvOTBXMk1ra1ZpSzNxbnJnd1FRQWtUVHdyClpZNzg0RitrQXV6VUkwVHRQcE5nY1FLQmdRQ0o2UDlGa0RPdUcrZjNlMFdlSkV4dmx1MEpHS2tLVXNNdTlheHgKcW1henF4RnBqb3V3NjRwRVp0WVJhREx3YVJPNUk4dFdqVFdOT2hqL0d2SnV0Z3lNR3NaRVEvNVJ5bGhibUx3NAp2VkpOM1UxV3d3UGRIUUJyVXZjN1JmNFVlVzVsRklXRjdDK1l1TGRKMG1EamQyMFV2ZlN3aDBnMkkvUFRrKzB3CnRBNGNRd0tCZ0h2dk9VaVluRFRmWlJrV2tEV2owUitzSDBrNWFINE44TlNWd2N1a3U0SWwwV0JOYTFiVjFzNCsKV0Rma0JscHdUTVJQWDZaQlNhQklIcGlXU1M0WjdhUzNaenJLbGVaY0ViZDR2eVQzK1M4WVZZUUgwN28rOTNhdwpZRkFjbDRUek9lMjJoRFJLUko3WXlONEluVE5lMFJ6WGVDM0kyTnl3RVBvUnV4NHBHcHRmCi0tLS0tRU5EIFJTQSBQUklWQVRFIEtFWS0tLS0tCg==",
                            "master_auth.0.cluster_ca_certificate": "LS0tLS1CRUdJTiBDRVJUSUZJQ0FURS0tLS0tCk1JSURDekNDQWZPZ0F3SUJBZ0lRRjVjcGhPQmRHbURuSU5tY3RXNlB4VEFOQmdrcWhraUc5dzBCQVFzRkFEQXYKTVMwd0t3WURWUVFERXlRMk5HUmtNRFJsTVMwNU1XRmxMVFF3Wm1RdE9UVTVaUzFqTkdaaFptTm1OR00zTmpJdwpIaGNOTVRnd016SXhNakl6TXpBd1doY05Nak13TXpJd01qTXpNekF3V2pBdk1TMHdLd1lEVlFRREV5UTJOR1JrCk1EUmxNUzA1TVdGbExUUXdabVF0T1RVNVpTMWpOR1poWm1ObU5HTTNOakl3Z2dFaU1BMEdDU3FHU0liM0RRRUIKQVFVQUE0SUJEd0F3Z2dFS0FvSUJBUURIWjdpNzFMSHgzMWNUS2dlRUVldi9QSUtzOFZxUUJFTUdORUVuZDBWbAoyQllRbnhjVGRZMy9yWEdPd3VzWjluUVBiWTk3dXNXWnNxRDFaU0RMc1dvK0FhTzE1SUNHd2NTVmV0Tlgvbzh1CmsyM2o1eGtXdzIwUkljV1haZG1zWjY1ZVRORWcyUjFJWXdndEZkdVd1R1B0bVNzZENVMm5ITzJaRHpqR2JVbVEKM3AvSXBmZnVTVWdQSjI4bDRYblBHZVJ2WVhWSXp6b1FGTFR5NjFFallYeWI5dERlak9Bd2Q5LzJ4QnpWcnMzVQpTN1VadnE1RXNoOXRjSFc3OXpzbkp0bE1yYzNRNzg5clhWdkVpSGJTemFkbGJxN2tjVkRGTU43MFlVTGY1Z1UxClkxTEJ5S1kzUnF2dDdVaHpvaFhTTEtqWjZST2Rac0MrSURkc2lzRUFGUCtUQWdNQkFBR2pJekFoTUE0R0ExVWQKRHdFQi93UUVBd0lDQkRBUEJnTlZIUk1CQWY4RUJUQURBUUgvTUEwR0NTcUdTSWIzRFFFQkN3VUFBNElCQVFDRQpUOC9wSmJsQjlML09UVTZvMGxCK3BSbmVMcVRkOHFOR3Z4LzJHejlFZXlSMFlidVFiUDRFdGMyZ2N6NVZaMnFjCnQxazZqQnNhZXF2M0lEdmZ5RTBNYUJjR2tieTJTQW55d2FvK3pJWERyZW8yUmpHaGNORGRvRW1ZUUE4d1NzT2cKb3V4QW1tazB3blpvTDJKbmlVcERIWUNNaW51WjhDL2hhcElmaCtSUktEV2h5dWw2M0lad1lubEx2a0JSTk43KwpTb0dvanFURUJmc25BYWdQeW1xSnUvMHZsRmdZVG1LS0V2Y2xaL3BNVWRBZXhUOG4vc1R3SjRlVVdUb3BmTmtDCkFLVUhBQXd0cWhyL1ZvS3hSR3ArK2R1Y21YQmhldGQ1UzUxVXF6ZGVKZTlsRUI1T0ozZXJQQ2lVZlBKdXBDdUMKWTd2SHdYNXFvYWhYNmFldzNldHYKLS0tLS1FTkQgQ0VSVElGSUNBVEUtLS0tLQo=",
                            "master_auth.0.password": "supersecretpassworddoxuplau",
                            "master_auth.0.username": "xuplau",
                            "master_version": "1.8.8-gke.0",
                            "monitoring_service": "monitoring.googleapis.com",
                            "name": "petclinic",
                            "network": "default",
                            "network_policy.#": "0",
                            "node_config.#": "1",
                            "node_config.0.disk_size_gb": "100",
                            "node_config.0.guest_accelerator.#": "0",
                            "node_config.0.image_type": "COS",
                            "node_config.0.labels.%": "0",
                            "node_config.0.local_ssd_count": "0",
                            "node_config.0.machine_type": "n1-standard-1",
                            "node_config.0.metadata.%": "0",
                            "node_config.0.min_cpu_platform": "",
                            "node_config.0.oauth_scopes.#": "6",
                            "node_config.0.oauth_scopes.1277378754": "https://www.googleapis.com/auth/monitoring",
                            "node_config.0.oauth_scopes.1632638332": "https://www.googleapis.com/auth/devstorage.read_only",
                            "node_config.0.oauth_scopes.172152165": "https://www.googleapis.com/auth/logging.write",
                            "node_config.0.oauth_scopes.316356861": "https://www.googleapis.com/auth/service.management.readonly",
                            "node_config.0.oauth_scopes.3663490875": "https://www.googleapis.com/auth/servicecontrol",
                            "node_config.0.oauth_scopes.3859019814": "https://www.googleapis.com/auth/trace.append",
                            "node_config.0.preemptible": "false",
                            "node_config.0.service_account": "default",
                            "node_config.0.tags.#": "0",
                            "node_config.0.workload_metadata_config.#": "0",
                            "node_pool.#": "1",
                            "node_pool.0.autoscaling.#": "0",
                            "node_pool.0.initial_node_count": "0",
                            "node_pool.0.instance_group_urls.#": "1",
                            "node_pool.0.instance_group_urls.0": "https://www.googleapis.com/compute/v1/projects/petclinic-198518/zones/us-central1-a/instanceGroupManagers/gke-petclinic-default-pool-ecd8ba69-grp",
                            "node_pool.0.management.#": "1",
                            "node_pool.0.management.0.auto_repair": "false",
                            "node_pool.0.management.0.auto_upgrade": "false",
                            "node_pool.0.name": "default-pool",
                            "node_pool.0.name_prefix": "",
                            "node_pool.0.node_config.#": "1",
                            "node_pool.0.node_config.0.disk_size_gb": "100",
                            "node_pool.0.node_config.0.guest_accelerator.#": "0",
                            "node_pool.0.node_config.0.image_type": "COS",
                            "node_pool.0.node_config.0.labels.%": "0",
                            "node_pool.0.node_config.0.local_ssd_count": "0",
                            "node_pool.0.node_config.0.machine_type": "n1-standard-1",
                            "node_pool.0.node_config.0.metadata.%": "0",
                            "node_pool.0.node_config.0.min_cpu_platform": "",
                            "node_pool.0.node_config.0.oauth_scopes.#": "6",
                            "node_pool.0.node_config.0.oauth_scopes.1277378754": "https://www.googleapis.com/auth/monitoring",
                            "node_pool.0.node_config.0.oauth_scopes.1632638332": "https://www.googleapis.com/auth/devstorage.read_only",
                            "node_pool.0.node_config.0.oauth_scopes.172152165": "https://www.googleapis.com/auth/logging.write",
                            "node_pool.0.node_config.0.oauth_scopes.316356861": "https://www.googleapis.com/auth/service.management.readonly",
                            "node_pool.0.node_config.0.oauth_scopes.3663490875": "https://www.googleapis.com/auth/servicecontrol",
                            "node_pool.0.node_config.0.oauth_scopes.3859019814": "https://www.googleapis.com/auth/trace.append",
                            "node_pool.0.node_config.0.preemptible": "false",
                            "node_pool.0.node_config.0.service_account": "default",
                            "node_pool.0.node_config.0.tags.#": "0",
                            "node_pool.0.node_config.0.workload_metadata_config.#": "0",
                            "node_pool.0.node_count": "0",
                            "node_version": "1.8.8-gke.0",
                            "project": "petclinic-198518",
                            "subnetwork": "default",
                            "zone": "us-central1-a"
                        },
                        "meta": {
                            "e2bfb730-ecaa-11e6-8f88-34363bc7c4c0": {
                                "create": 1800000000000,
                                "delete": 600000000000,
                                "update": 600000000000
                            },
                            "schema_version": "1"
                        },
                        "tainted": false
                    },
                    "deposed": [],
                    "provider": "provider.google"
                },
                "google_container_node_pool.np": {
                    "type": "google_container_node_pool",
                    "depends_on": [
                        "google_container_cluster.gcp_kubernetes"
                    ],
                    "primary": {
                        "id": "us-central1-a/petclinic/node-pool",
                        "attributes": {
                            "cluster": "petclinic",
                            "id": "us-central1-a/petclinic/node-pool",
                            "initial_node_count": "1",
                            "instance_group_urls.#": "1",
                            "instance_group_urls.0": "https://www.googleapis.com/compute/v1/projects/petclinic-198518/zones/us-central1-a/instanceGroupManagers/gke-petclinic-node-pool-6606fed8-grp",
                            "management.#": "1",
                            "management.0.auto_repair": "false",
                            "management.0.auto_upgrade": "false",
                            "name": "node-pool",
                            "name_prefix": "",
                            "node_config.#": "1",
                            "node_config.0.disk_size_gb": "100",
                            "node_config.0.guest_accelerator.#": "0",
                            "node_config.0.image_type": "COS",
                            "node_config.0.labels.%": "0",
                            "node_config.0.local_ssd_count": "0",
                            "node_config.0.machine_type": "n1-standard-1",
                            "node_config.0.metadata.%": "0",
                            "node_config.0.min_cpu_platform": "",
                            "node_config.0.oauth_scopes.#": "4",
                            "node_config.0.oauth_scopes.1277378754": "https://www.googleapis.com/auth/monitoring",
                            "node_config.0.oauth_scopes.1632638332": "https://www.googleapis.com/auth/devstorage.read_only",
                            "node_config.0.oauth_scopes.172152165": "https://www.googleapis.com/auth/logging.write",
                            "node_config.0.oauth_scopes.299962681": "https://www.googleapis.com/auth/compute",
                            "node_config.0.preemptible": "true",
                            "node_config.0.service_account": "default",
                            "node_config.0.tags.#": "0",
                            "node_config.0.workload_metadata_config.#": "0",
                            "node_count": "1",
                            "project": "petclinic-198518",
                            "zone": "us-central1-a"
                        },
                        "meta": {
                            "e2bfb730-ecaa-11e6-8f88-34363bc7c4c0": {
                                "create": 1800000000000,
                                "delete": 600000000000,
                                "update": 600000000000
                            },
                            "schema_version": "1"
                        },
                        "tainted": false
                    },
                    "deposed": [],
                    "provider": "provider.google"
                }
            },
            "depends_on": []
        }
    ]
}
