{
    "version": 3,
    "terraform_version": "0.11.4",
    "serial": 4,
    "lineage": "14092fb9-e004-b98d-6893-9dfc0ca07310",
    "modules": [
        {
            "path": [
                "root"
            ],
            "outputs": {},
            "resources": {
                "google_container_cluster.gcp_kubernetes": {
                    "type": "google_container_cluster",
                    "depends_on": [],
                    "primary": {
                        "id": "petclinic",
                        "attributes": {
                            "additional_zones.#": "0",
                            "addons_config.#": "1",
                            "addons_config.0.horizontal_pod_autoscaling.#": "0",
                            "addons_config.0.http_load_balancing.#": "0",
                            "addons_config.0.kubernetes_dashboard.#": "0",
                            "addons_config.0.network_policy_config.#": "1",
                            "addons_config.0.network_policy_config.0.disabled": "true",
                            "cluster_ipv4_cidr": "10.20.0.0/14",
                            "description": "",
                            "enable_kubernetes_alpha": "false",
                            "enable_legacy_abac": "true",
                            "endpoint": "35.224.207.54",
                            "id": "petclinic",
                            "initial_node_count": "0",
                            "instance_group_urls.#": "1",
                            "instance_group_urls.0": "https://www.googleapis.com/compute/v1/projects/petclinic-198518/zones/us-central1-a/instanceGroups/gke-petclinic-default-pool-3da5a0ea-grp",
                            "logging_service": "logging.googleapis.com",
                            "master_auth.#": "1",
                            "master_auth.0.client_certificate": "LS0tLS1CRUdJTiBDRVJUSUZJQ0FURS0tLS0tCk1JSUMyekNDQWNPZ0F3SUJBZ0lSQU0xMGdic0lhUzhxMFpHeVpxcUx3YTB3RFFZSktvWklodmNOQVFFTEJRQXcKTHpFdE1Dc0dBMVVFQXhNa09EVmxNV1psWkRndE1Ua3dZUzAwWldVMUxUbGhabUl0TkdSbU56SXdOVE0wT0RoaQpNQjRYRFRFNE1ETXlNVEl5TlRFME1Wb1hEVEl6TURNeU1ESXlOVEUwTVZvd0VURVBNQTBHQTFVRUF4TUdZMnhwClpXNTBNSUlCSWpBTkJna3Foa2lHOXcwQkFRRUZBQU9DQVE4QU1JSUJDZ0tDQVFFQWs1bzlMVU15Q05DMks0b3UKVDQ5QkpuSTFra040V05OU0pvNHF1L2VxcHl3ajRFMXNkcG5wQzYraEViaTNEZkFMdzZ6dGtiZHQ3YUN1ZlFvdgp5VGVQbVdoOWc3REQvNmdZQ29ZR0Zpd0xZRWpnekw5U1BZcjhwQit3aHlJM1RVZ0FCVjNSMyswczg2WG00NTR1CmtyNGpZdjc5QjA1eTRCVDF3cUNDbXJ3a3B2ZnlWZnFzR1I1NEdHYUpHL3AvbzAxSk8xeFllL0s5NFpZdU9yeU8KSlFFOEdUV0ZMVlMrbHp5d1ZXd3pNbHFMdzNzaVF3SkNta2NKM2g4QlBoeWtab05sQ0dVUFo4cFk4dmJ3NlN6bgpIcnEvLzlmR3lYVVpkdmppVWhvdlk1U2FrazlkT3FvemZnbjdCWWRoT1plMFlKMllUbnl0Z2dsUzlSbHRBL1M3CkU1azNwUUlEQVFBQm94QXdEakFNQmdOVkhSTUJBZjhFQWpBQU1BMEdDU3FHU0liM0RRRUJDd1VBQTRJQkFRQmsKbGU3MGhtMEVWNzdzR1NpQkVRVVFSUHRWdkw5WW8zWDBBa1VucnRqNVVWajlRTnR4aGlDMkp0WVZoSk4zNlRvbgppOHJRNnk4UXdzSTViemx4TnEzNmsvOWNrbGdQQy9abnNjRUl3eHUrOWhtUXdvUjMzU3VQeWh0Tnd6bS9laHMvCnlhQUFpUkFiamZ5YlppbGhJL1BLVURzWFVodHBkMGVBOUF1N0Q4UGdxSTl0UDI4bEVxd0dhY1JHOE1Da0VBc2YKYmlvbndBNjNOMS9BaklvNWc4NDJsNUtOODNnNmFibTlqUVNPRUJzZ2FhT2dvdGdSaGdCa2Q0QkVmSXpINFFoYgpnSnJHZGcybXpNK0R2enlzVnd1Zmw0bG16THZxREZTeWxMbzVIUXd3WXZWUXNjTkJtbzgrRVc1eGhEZ3V4T0JMCjFkajFFMzNYaGR6T2E4OXFybkpkCi0tLS0tRU5EIENFUlRJRklDQVRFLS0tLS0K",
                            "master_auth.0.client_key": "LS0tLS1CRUdJTiBSU0EgUFJJVkFURSBLRVktLS0tLQpNSUlFb3dJQkFBS0NBUUVBazVvOUxVTXlDTkMySzRvdVQ0OUJKbkkxa2tONFdOTlNKbzRxdS9lcXB5d2o0RTFzCmRwbnBDNitoRWJpM0RmQUx3Nnp0a2JkdDdhQ3VmUW92eVRlUG1XaDlnN0RELzZnWUNvWUdGaXdMWUVqZ3pMOVMKUFlyOHBCK3doeUkzVFVnQUJWM1IzKzBzODZYbTQ1NHVrcjRqWXY3OUIwNXk0QlQxd3FDQ21yd2twdmZ5VmZxcwpHUjU0R0dhSkcvcC9vMDFKTzF4WWUvSzk0Wll1T3J5T0pRRThHVFdGTFZTK2x6eXdWV3d6TWxxTHczc2lRd0pDCm1rY0ozaDhCUGh5a1pvTmxDR1VQWjhwWTh2Ync2U3puSHJxLy85Zkd5WFVaZHZqaVVob3ZZNVNha2s5ZE9xb3oKZmduN0JZZGhPWmUwWUoyWVRueXRnZ2xTOVJsdEEvUzdFNWszcFFJREFRQUJBb0lCQUJTdUdnbllReVRkWDlZQgpnaFBrallDK1QxellTMzdLZTMvcVphTmpXUXR3dkVWbUk1OEpybVNwbC9GeDIyS1RzaStaY0I3OVA3b2pvVlE1CjZWQm5FcDFhK0tiMW9taHA4VUJjTkhNYjBGWTVCUmRsYTR6ZGh5QisrTTZJeitNVWhqMlBrN2hYaWN6elZCZXEKWnlVVDNjVUxnU3UvdW9tWnk0WEMwN21yOHZOYVRkQjJlaTJ3a3N2MUhuMTA1N2ZLa25sVC9jNEZRMC9meGhzRAoweTVIWDVHMVhhakxPeWtwSkhDQ2lCWndmMzNGeTVad1BpRUxNVit0MjNKck5rcStUcHowZjUrSDgwSTU1dlNoCkZvZnVPcE10TjNDVWNkRWRCRVNOTUtaL1N4MWI1dHRxM2ozd1FSMmMzNWN0dCtWL1dzNGNYQWVhbm9pRnl5eFYKR3J5d2hoc0NnWUVBeFJZQnNOeHFFTzJMVmYyS2M3VUtTUnV4R3k4dHdDd0R6ZlZSWnE0bng3OXNnNG5iSkxVNwpSbGtpSGUvQWZnWW5QSDZSOHFzQlNVVFpJSVBGV1NYL2ZpZkVXQ3pzVFB0UWE3RGZUNHRHOUdLMDZVVkVhTWMwClExUUQvdGlydzlkeG1WTkJXRVUxL0FTZkJYb0NXcENqanJOWm9WME14T2JVN1ROL2QrbDkzSWNDZ1lFQXY3bUQKTlFjcHhpblhTZVBrYjhjbHFKWm9IVVVadnlXbTg4RHZJMHhGTTVVNUNFNklMZFR1T3N4OVhhYlhwdkFmT2dBcApwZTZtYndMVzJ3dnRnWmQwNkFiMGlRRDlwbXhMNUJYNkR3cTAvUDMrTUwxVmNHY1cxV1lSR2J0QUpzNkZkQnlGCkJTWlpMRjkwUVZYTUxmNG1BNzlibnlFcHJnSE9LbmcrQXVTQVlYTUNnWUJpOU52QWU4dGQySWZmazBCVFBKRi8KaDhIelRrc0FkSmtzYm9LQ3Rlc1BabFFMNzhueXNuU2lxOXB2Z1pQN013ZThYaWpWMlhyNTJQSFVXNVZaWDdUYgpHUWlDNVh0NFk2OUxnekY4OVFlWmFYNUFxaURoSXpSZ29leW5wdzhIZEVON29zdnFrRVc4MW0wcUNNcnB3am45ClNwdzBZMDRvQjJiZCtyK0Q2OTdnUFFLQmdFakd0WXh5ZktQeEMvekxXZElvU1I0Mmdhemlwd1JNMlpQYlg2c0oKYjVkR0JKRW5waituZlFxcXhzZSs1a3REQ01kdWVtQzNOMHdhU3M1NU41MmlqVWpxSXZiQ2ZvWW13NlAveDV6ZwpGcFdXSUdBRjdxR3RNQml2RnJ5cXZJNCtoSi92bDNxOTlNbUlMa3dDc20rZThuVW50VEt4VnUzclY0UDlncVI4CmNsTUxBb0dCQUlTZnNtVFJyYVB3Ry91QVRXbElLWDI3OFh6N25RUFNmbmdNK2tLR3FOeUFCVTJ4YkRESGJNTXoKTFQwMnMvTkhScEhOVzZpZmpneXV2WTlwQjJ0ejZFM3NIdXNtSEsvZnpYc3M5bFZSb2s3WVlUckVnd2dTTjU5bApvVzJHUTBQZE1ucDFEOEE5ckYvdm5TeDFucjVPcXdoNEljSXk3YW1kTnZKby9PT1dZU0x5Ci0tLS0tRU5EIFJTQSBQUklWQVRFIEtFWS0tLS0tCg==",
                            "master_auth.0.cluster_ca_certificate": "LS0tLS1CRUdJTiBDRVJUSUZJQ0FURS0tLS0tCk1JSURDekNDQWZPZ0F3SUJBZ0lRSHBFZUdZbldoMStrL1dNSW5ZVGVsekFOQmdrcWhraUc5dzBCQVFzRkFEQXYKTVMwd0t3WURWUVFERXlRNE5XVXhabVZrT0MweE9UQmhMVFJsWlRVdE9XRm1ZaTAwWkdZM01qQTFNelE0T0dJdwpIaGNOTVRnd016SXhNakUxTVRRd1doY05Nak13TXpJd01qSTFNVFF3V2pBdk1TMHdLd1lEVlFRREV5UTROV1V4ClptVmtPQzB4T1RCaExUUmxaVFV0T1dGbVlpMDBaR1kzTWpBMU16UTRPR0l3Z2dFaU1BMEdDU3FHU0liM0RRRUIKQVFVQUE0SUJEd0F3Z2dFS0FvSUJBUUNybjcxd0JOWHlsZlA0SisvbnBLM0gvS3FDUlorVzNPWktQaXhaZjV2SgpERG9FWVIwQmV4T3NuMEY4SDVidEhjdEpIc3ExSmVFL1V2QnJWbzF4Z3RCbTVUZ3drMnYyanB2OE1Ob25SRDE3Ck9wK0ZHUlZKTytsWFhXcDdVOWQyMmt1TU4vZEt5ako5a1pyMDlhQ2tlaXVmMFZpWnFNbFdtekFLenpJNHpVVmkKdWdoaENGbkM2eER2dGhMV1VpY0dPd2dmbjZQVmdEZmN2eUNXSldZdTM1MGJUNU95bytjZlpwY3E5TnZ4dEdiUwpNRTA2eVlSWG1zbGdzb2JsUmdkVWRJMC9lN0E5TFVXVUYycHRSdGlXN1RpRE9BK2hZbjFWMzB6a3lYeTVRWjYvCkxQdFFYdXRnUDkrL0xVSDV1MVkyQkNOL0hKSHE5NnhTZUxCeVlZRG1ZaVN6QWdNQkFBR2pJekFoTUE0R0ExVWQKRHdFQi93UUVBd0lDQkRBUEJnTlZIUk1CQWY4RUJUQURBUUgvTUEwR0NTcUdTSWIzRFFFQkN3VUFBNElCQVFBawprbmp6cU83NzFFSjhKN0JGUVlTYWt6R2Ezcmc4bFByam1qR3JqV2VPellJVmRHaERnc2JUNE5LN1hETkJsamhoCkpId1poRklSeWZjUnZ3RXNVTGw5clI4NG82cmN1ZU9oWmxJbXNxU1JuajgxUU93c1RMSlljTllUS0tWZmlDd2EKYjFac0RqUjZGNTl1Vlc2U2FqOGlmV0Y3Tjc0YkwvVUFGcVQyTUZjRHNmY012eXJYc1N6a3pybXVXbzVkM1MzYwoxRmlJMjBNYThVNUFJbjdrV0huaEhpM2lQTFdIZkpENDB0UmVIa3IwelpEcUhtZXE1bjlVTEFWcFo0UEFralJaCm5QL1BISENHcTFHQmdncy9neldINDY4bGdmaVI2cEg5WkhqMEtUUkI2S052dGs5cW5STjdnN1V5UkVJaXNWVzIKVjVqd2NQZTdTVGVTZXEvN00reXYKLS0tLS1FTkQgQ0VSVElGSUNBVEUtLS0tLQo=",
                            "master_auth.0.password": "supersecretpassworddoxuplau",
                            "master_auth.0.username": "xuplau",
                            "master_version": "1.8.8-gke.0",
                            "monitoring_service": "monitoring.googleapis.com",
                            "name": "petclinic",
                            "network": "default",
                            "network_policy.#": "0",
                            "node_config.#": "1",
                            "node_config.0.disk_size_gb": "100",
                            "node_config.0.guest_accelerator.#": "0",
                            "node_config.0.image_type": "COS",
                            "node_config.0.labels.%": "0",
                            "node_config.0.local_ssd_count": "0",
                            "node_config.0.machine_type": "n1-standard-1",
                            "node_config.0.metadata.%": "0",
                            "node_config.0.min_cpu_platform": "",
                            "node_config.0.oauth_scopes.#": "6",
                            "node_config.0.oauth_scopes.1277378754": "https://www.googleapis.com/auth/monitoring",
                            "node_config.0.oauth_scopes.1632638332": "https://www.googleapis.com/auth/devstorage.read_only",
                            "node_config.0.oauth_scopes.172152165": "https://www.googleapis.com/auth/logging.write",
                            "node_config.0.oauth_scopes.316356861": "https://www.googleapis.com/auth/service.management.readonly",
                            "node_config.0.oauth_scopes.3663490875": "https://www.googleapis.com/auth/servicecontrol",
                            "node_config.0.oauth_scopes.3859019814": "https://www.googleapis.com/auth/trace.append",
                            "node_config.0.preemptible": "false",
                            "node_config.0.service_account": "default",
                            "node_config.0.tags.#": "0",
                            "node_config.0.workload_metadata_config.#": "0",
                            "node_pool.#": "1",
                            "node_pool.0.autoscaling.#": "0",
                            "node_pool.0.initial_node_count": "0",
                            "node_pool.0.instance_group_urls.#": "1",
                            "node_pool.0.instance_group_urls.0": "https://www.googleapis.com/compute/v1/projects/petclinic-198518/zones/us-central1-a/instanceGroupManagers/gke-petclinic-default-pool-3da5a0ea-grp",
                            "node_pool.0.management.#": "1",
                            "node_pool.0.management.0.auto_repair": "false",
                            "node_pool.0.management.0.auto_upgrade": "false",
                            "node_pool.0.name": "default-pool",
                            "node_pool.0.name_prefix": "",
                            "node_pool.0.node_config.#": "1",
                            "node_pool.0.node_config.0.disk_size_gb": "100",
                            "node_pool.0.node_config.0.guest_accelerator.#": "0",
                            "node_pool.0.node_config.0.image_type": "COS",
                            "node_pool.0.node_config.0.labels.%": "0",
                            "node_pool.0.node_config.0.local_ssd_count": "0",
                            "node_pool.0.node_config.0.machine_type": "n1-standard-1",
                            "node_pool.0.node_config.0.metadata.%": "0",
                            "node_pool.0.node_config.0.min_cpu_platform": "",
                            "node_pool.0.node_config.0.oauth_scopes.#": "6",
                            "node_pool.0.node_config.0.oauth_scopes.1277378754": "https://www.googleapis.com/auth/monitoring",
                            "node_pool.0.node_config.0.oauth_scopes.1632638332": "https://www.googleapis.com/auth/devstorage.read_only",
                            "node_pool.0.node_config.0.oauth_scopes.172152165": "https://www.googleapis.com/auth/logging.write",
                            "node_pool.0.node_config.0.oauth_scopes.316356861": "https://www.googleapis.com/auth/service.management.readonly",
                            "node_pool.0.node_config.0.oauth_scopes.3663490875": "https://www.googleapis.com/auth/servicecontrol",
                            "node_pool.0.node_config.0.oauth_scopes.3859019814": "https://www.googleapis.com/auth/trace.append",
                            "node_pool.0.node_config.0.preemptible": "false",
                            "node_pool.0.node_config.0.service_account": "default",
                            "node_pool.0.node_config.0.tags.#": "0",
                            "node_pool.0.node_config.0.workload_metadata_config.#": "0",
                            "node_pool.0.node_count": "0",
                            "node_version": "1.8.8-gke.0",
                            "project": "petclinic-198518",
                            "subnetwork": "default",
                            "zone": "us-central1-a"
                        },
                        "meta": {
                            "e2bfb730-ecaa-11e6-8f88-34363bc7c4c0": {
                                "create": 1800000000000,
                                "delete": 600000000000,
                                "update": 600000000000
                            },
                            "schema_version": "1"
                        },
                        "tainted": false
                    },
                    "deposed": [],
                    "provider": "provider.google"
                },
                "google_container_node_pool.np": {
                    "type": "google_container_node_pool",
                    "depends_on": [
                        "google_container_cluster.gcp_kubernetes"
                    ],
                    "primary": {
                        "id": "us-central1-a/petclinic/node-pool",
                        "attributes": {
                            "cluster": "petclinic",
                            "id": "us-central1-a/petclinic/node-pool",
                            "initial_node_count": "2",
                            "instance_group_urls.#": "1",
                            "instance_group_urls.0": "https://www.googleapis.com/compute/v1/projects/petclinic-198518/zones/us-central1-a/instanceGroupManagers/gke-petclinic-node-pool-9ded6dd4-grp",
                            "management.#": "1",
                            "management.0.auto_repair": "false",
                            "management.0.auto_upgrade": "false",
                            "name": "node-pool",
                            "name_prefix": "",
                            "node_config.#": "1",
                            "node_config.0.disk_size_gb": "100",
                            "node_config.0.guest_accelerator.#": "0",
                            "node_config.0.image_type": "COS",
                            "node_config.0.labels.%": "0",
                            "node_config.0.local_ssd_count": "0",
                            "node_config.0.machine_type": "n1-standard-2",
                            "node_config.0.metadata.%": "0",
                            "node_config.0.min_cpu_platform": "",
                            "node_config.0.oauth_scopes.#": "4",
                            "node_config.0.oauth_scopes.1277378754": "https://www.googleapis.com/auth/monitoring",
                            "node_config.0.oauth_scopes.1632638332": "https://www.googleapis.com/auth/devstorage.read_only",
                            "node_config.0.oauth_scopes.172152165": "https://www.googleapis.com/auth/logging.write",
                            "node_config.0.oauth_scopes.299962681": "https://www.googleapis.com/auth/compute",
                            "node_config.0.preemptible": "true",
                            "node_config.0.service_account": "default",
                            "node_config.0.tags.#": "0",
                            "node_config.0.workload_metadata_config.#": "0",
                            "node_count": "2",
                            "project": "petclinic-198518",
                            "zone": "us-central1-a"
                        },
                        "meta": {
                            "e2bfb730-ecaa-11e6-8f88-34363bc7c4c0": {
                                "create": 1800000000000,
                                "delete": 600000000000,
                                "update": 600000000000
                            },
                            "schema_version": "1"
                        },
                        "tainted": false
                    },
                    "deposed": [],
                    "provider": "provider.google"
                }
            },
            "depends_on": []
        }
    ]
}
