{
    "version": 3,
    "terraform_version": "0.11.4",
    "serial": 10,
    "lineage": "7700c17f-4ef6-5743-26ea-b7a4855e552e",
    "modules": [
        {
            "path": [
                "root"
            ],
            "outputs": {},
            "resources": {
                "google_compute_global_address.ci": {
                    "type": "google_compute_global_address",
                    "depends_on": [],
                    "primary": {
                        "id": "jenkins-dev",
                        "attributes": {
                            "address": "35.201.96.3",
                            "id": "jenkins-dev",
                            "ip_version": "",
                            "name": "jenkins-dev",
                            "project": "concrete-198923",
                            "self_link": "https://www.googleapis.com/compute/v1/projects/concrete-198923/global/addresses/jenkins-dev"
                        },
                        "meta": {},
                        "tainted": false
                    },
                    "deposed": [],
                    "provider": "provider.google"
                },
                "google_compute_network.gcn-api": {
                    "type": "google_compute_network",
                    "depends_on": [],
                    "primary": {
                        "id": "petclinic-dev",
                        "attributes": {
                            "auto_create_subnetworks": "true",
                            "description": "",
                            "gateway_ipv4": "",
                            "id": "petclinic-dev",
                            "ipv4_range": "",
                            "name": "petclinic-dev",
                            "project": "concrete-198923",
                            "routing_mode": "REGIONAL",
                            "self_link": "https://www.googleapis.com/compute/v1/projects/concrete-198923/global/networks/petclinic-dev"
                        },
                        "meta": {},
                        "tainted": false
                    },
                    "deposed": [],
                    "provider": "provider.google"
                },
                "google_compute_network.gcn-ci": {
                    "type": "google_compute_network",
                    "depends_on": [],
                    "primary": {
                        "id": "jenkins-dev",
                        "attributes": {
                            "auto_create_subnetworks": "true",
                            "description": "",
                            "gateway_ipv4": "",
                            "id": "jenkins-dev",
                            "ipv4_range": "",
                            "name": "jenkins-dev",
                            "project": "concrete-198923",
                            "routing_mode": "REGIONAL",
                            "self_link": "https://www.googleapis.com/compute/v1/projects/concrete-198923/global/networks/jenkins-dev"
                        },
                        "meta": {},
                        "tainted": false
                    },
                    "deposed": [],
                    "provider": "provider.google"
                },
                "google_container_cluster.api": {
                    "type": "google_container_cluster",
                    "depends_on": [
                        "google_compute_network.gcn-api"
                    ],
                    "primary": {
                        "id": "petclinic-dev",
                        "attributes": {
                            "additional_zones.#": "0",
                            "addons_config.#": "1",
                            "addons_config.0.horizontal_pod_autoscaling.#": "0",
                            "addons_config.0.http_load_balancing.#": "0",
                            "addons_config.0.kubernetes_dashboard.#": "0",
                            "addons_config.0.network_policy_config.#": "1",
                            "addons_config.0.network_policy_config.0.disabled": "true",
                            "cluster_ipv4_cidr": "10.16.0.0/14",
                            "description": "",
                            "enable_kubernetes_alpha": "false",
                            "enable_legacy_abac": "true",
                            "endpoint": "35.188.114.71",
                            "id": "petclinic-dev",
                            "initial_node_count": "2",
                            "instance_group_urls.#": "1",
                            "instance_group_urls.0": "https://www.googleapis.com/compute/v1/projects/concrete-198923/zones/us-central1-a/instanceGroups/gke-petclinic-dev-default-pool-fc6f5b09-grp",
                            "logging_service": "logging.googleapis.com",
                            "master_auth.#": "1",
                            "master_auth.0.client_certificate": "LS0tLS1CRUdJTiBDRVJUSUZJQ0FURS0tLS0tCk1JSUMyakNDQWNLZ0F3SUJBZ0lRSkFLUk9WaFFLOXRXVXRxNDRldFZEREFOQmdrcWhraUc5dzBCQVFzRkFEQXYKTVMwd0t3WURWUVFERXlRek16Um1aV0UyTXkwMk0yVTJMVFJpTlRJdE9USXdaaTFoTTJJNE1qRmtZekV6WlRBdwpIaGNOTVRnd016STJNVGN3T0RFd1doY05Nak13TXpJMU1UY3dPREV3V2pBUk1ROHdEUVlEVlFRREV3WmpiR2xsCmJuUXdnZ0VpTUEwR0NTcUdTSWIzRFFFQkFRVUFBNElCRHdBd2dnRUtBb0lCQVFDZlFZc0N6eEZNOHFDZTNGTWcKYnhJUCtRU1NUZXdEM05tY0d0TDkwaFlCOXY1YUlYZ0s5cmlmZGVFUzhTY3U3UHI3SzUrdlJ3SFdkWUlKZi95NgpGdCtDWGNNNHVSd2xSMkVCdjJZOW1rRXBMYjRFSVMxZlZLeFI3M2U0MjNMTlp2d01Kb3lsTW1rUGg3b3RGWWdDCiszREp6akVqUzRXOEI3MWhqeGordkZXZU1YMjFMd0JlUlc3R2Q5UFlqZXRJY3ZMTmR0SUhTYkpmVk1zTlFMajIKQnBJc2UvTDJvZzBFb2JBQ2JCRHRtRjRKQ3FISUtIQVorTHhzWVRCT1RxTUhFREphaVZmUjVSeGN3c1lBbVpvTgpxd09mMjJ0THgwTE92TG1ZeXBGWmE0SUN0S1h1dGc2RXpYL1BYa2dyd1VraWJQMUhWUjdsUVhmNjBwNFFycDhYCjZsaGJBZ01CQUFHakVEQU9NQXdHQTFVZEV3RUIvd1FDTUFBd0RRWUpLb1pJaHZjTkFRRUxCUUFEZ2dFQkFDVXEKQStvSGE4WDg2NVpoVkduZWZCNTBoMEl3ZVh1dUVaRU1QQk03NXpJdXZ4Q012UjVXS3JBeVlwVEVBYkJ1anZ6SAo5WFBZVm0wSmpNMUVxUUg2NHN5RG1SamsyeHljRmEvRDcwNXovY1E2bjFDL0E0WWQraGhvSVVjUWRYN1NiY1lFCkhBZTQwQ3VhazVvMDBIVUphOHhDZDJUNmRzYUt6eEdacWZWak00VkFpQXM1Y2owbGlHdHczLy9pNkR5bXBOcVYKei9VV2RRZWJ0cWpCRGdtK09xVDBEd293V0hObnQzMzE3V1JTSFRmOFdZd0d3VE1sMU52M1lWeFBmQUI2WkpuYwpJbExabGg5OU9SUUFTRC95UE9jenRMUlFRekdsS3hGOUtTUEZyNUxpM1pXUm05UHhHdDFzWUdHM09FYkRZV0dQCjJiUG5WRzhUUlA0cGRxMnNDQVE9Ci0tLS0tRU5EIENFUlRJRklDQVRFLS0tLS0K",
                            "master_auth.0.client_key": "LS0tLS1CRUdJTiBSU0EgUFJJVkFURSBLRVktLS0tLQpNSUlFb2dJQkFBS0NBUUVBbjBHTEFzOFJUUEtnbnR4VElHOFNEL2tFa2szc0E5elpuQnJTL2RJV0FmYitXaUY0CkN2YTRuM1hoRXZFbkx1ejYreXVmcjBjQjFuV0NDWC84dWhiZmdsM0RPTGtjSlVkaEFiOW1QWnBCS1MyK0JDRXQKWDFTc1VlOTN1TnR5eldiOERDYU1wVEpwRDRlNkxSV0lBdnR3eWM0eEkwdUZ2QWU5WVk4WS9yeFZuakY5dFM4QQpYa1Z1eG5mVDJJM3JTSEx5elhiU0IwbXlYMVRMRFVDNDlnYVNMSHZ5OXFJTkJLR3dBbXdRN1poZUNRcWh5Q2h3CkdmaThiR0V3VGs2akJ4QXlXb2xYMGVVY1hNTEdBSm1hRGFzRG45dHJTOGRDenJ5NW1NcVJXV3VDQXJTbDdyWU8KaE0xL3oxNUlLOEZKSW16OVIxVWU1VUYzK3RLZUVLNmZGK3BZV3dJREFRQUJBb0lCQUVSZmxuZ2hRTE5Cby9ZdwpiN3dJRThBcDBHMmo2TVdMeHgyL1lvQzQ5dHZuR0RMSUZjclhQRkt5QUd6cWZrRW1XMmNFeHEweEZqZm1BV3RrCnVMT0lhSE9ISCs2MWdzRDZrVXAzeTBSOWVxWmNUaTFsdFI0dHMwSUdSdWRseURjcGxPTCtsZm5DMTlwa0VtbVMKeWU5RjFwbTkzZGppYnN0WW8xVkVZNTNTYkF2YlZGQ0NHUzNhcHdTVENmeHNhdGxValZCL2E4dlpyVHJJME5PVgpaZFF4VXIzTHgzeGx1d0pDNEU3cWJHRjRsSlI1QU9BNVRqeXZBeGZQYmltdjcza1RrM25CdVNnUWdvVlRnMlNHCmVraXFLYkxTcTA2RTZjQXdMZEZ4MDlyU3Vyem1hT01rSjNEWFpDaGZxYTlYazByVithd3N4c0o2a2RDeURRSkYKL0NOWnovRUNnWUVBek9XTVoyaUswMVhNa2VSdUtKeENOa241VEh3VFJpUHRVck51UTZUWXViSnRKVFlhOUJORwovRE83MzRCZEl2c3BSL2tCZ3pIMGpzOUY4Yk9LaXBhYUNiTlJuUW1lWGVKejk5dml3bzJ1U2R0U2dpYS90UUJvCmJ0WXNNMFZHTnM4d1JzdWZLbHNuWlhJVnFTa1hxWUY5YnBicjFKdSsrQWNXbXU1RE91UmEwUGtDZ1lFQXh2bmkKVXpzS3A5SWw2RUlKNEY4MHB1THMydm1JNWdTckRBcGtQTHFwOHBRdSsyTkNPQ1FkY0NVWS9vRVZsTThSc2p2ZwpKUzM5U0o2REREblpma2s0VC9iTzQrWlFJTksrVHRiT2F0WlJPa3pUR08rL1pIMVBKc0x6Q3dPWEtkbWZ4eHVlCmlzN1VxeFd3d3B5Mm5EYUpqM08yVVR4bnVJRkUrT1ZYcDBNZzNQTUNnWUFPM08vc2FHYjVvWld2VjVTdUdYZXMKSEgyYkVMME5MM245cjhwbDJjVm00d3lMMEhyd0RaM3VtWW9kVW1Cdk15enhiWnl3ZWFVMTNzOUNFellQaTVFcwo5dmNLbnpIL3VYZVVHVDAvdzZ0SzdELzE5UDJmRWFLQnQ4T0pESk5sVW00OEZIVTlTMU4yUm1wUDFRMUVYSUpPCnpWL2FFbG90LzhXaUEzcVpBUXVkY1FLQmdHcHEvVFA4a045ZTBxMWNuSUduQ2JiMENTKzRaQko1anEzYTVPOWgKK2tEbUpoYUhhTVF6OUphbEVMQVZnK0JadXlJelNkYzR1STFkVWNONU1TeU1wcFNGOFBNTW0vQmlKaXh1VUdudApnL1lGWHFXb25CbDN0NXlJaVlwcmVpNkUyU0taVC9yM1VlREtzZ1h6NE9xOWRHY0h3UXZEbmNtZFFiRkluOCt5ClpHSW5Bb0dBYmI5TEhQTzM3OUNJRDJUS3BWV1RjUVdoWk5xZWtaRTJPSEVqQnpzV1J1bWxSOCtwNG1peTdvMHQKODNQd3dtUm5leHVqTVBpYUVCcjlaakVIR0VpcldYbWVReWZzNHRrb214Y1BLUmtRRURtNVVGdnowbWlSZThxNAp6VTdmcHhKWkduYkRXV1NVd1FPWFNBVkxNUTdLN3ljQUtCMExSdjk0NkFjZFp0U2VzTUk9Ci0tLS0tRU5EIFJTQSBQUklWQVRFIEtFWS0tLS0tCg==",
                            "master_auth.0.cluster_ca_certificate": "LS0tLS1CRUdJTiBDRVJUSUZJQ0FURS0tLS0tCk1JSURERENDQWZTZ0F3SUJBZ0lSQUo5dXVNdWZXODM4K21QYmlzK3JOSU13RFFZSktvWklodmNOQVFFTEJRQXcKTHpFdE1Dc0dBMVVFQXhNa016TTBabVZoTmpNdE5qTmxOaTAwWWpVeUxUa3lNR1l0WVROaU9ESXhaR014TTJVdwpNQjRYRFRFNE1ETXlOakUyTURnd09Wb1hEVEl6TURNeU5URTNNRGd3T1Zvd0x6RXRNQ3NHQTFVRUF4TWtNek0wClptVmhOak10TmpObE5pMDBZalV5TFRreU1HWXRZVE5pT0RJeFpHTXhNMlV3TUlJQklqQU5CZ2txaGtpRzl3MEIKQVFFRkFBT0NBUThBTUlJQkNnS0NBUUVBcElCYWFmY1VVVTRLaklwSTY1cmhTSS9Yd3UzOVpRbEN2WVgyc0dncgphcnh3ZWhjV0ZENTBKaFpzVE5neXVlVUFZM1J2WDFVRU1nWFdHS3BvT3hTM09SUThZZUlQb0dtcmFIT2ZLQVROClhWTFRmOHNVVGNwUTQ1TGNIMUdValREcU1jeHRtcW14ZHdIbTNLODZjejRoazF2OEpQVUI5QTZ3SzBvakF0M2YKVHBubmtaN3Q5MjRZMnI0Y3lNU01OaU8yOHd6RzU2bW0wRzZMWlJLZ2k2bE1KYVZRaDdwK25aaWJycEI0NkVFMAo0ekp6RVJhZE5Tb2dqZ280ZXdsemUrUzZtSk0vWWFzaDJqTmZUT2lvMlVhc3Y1ZkFSUUZ6MVZrTVlZakN0Y2s3CnZSRUhZQjJKN0pOTVNPaEM3aWNMZDZ0blVha3RlNlBKdlpZZ3VVU25TdmNzVHdJREFRQUJveU13SVRBT0JnTlYKSFE4QkFmOEVCQU1DQWdRd0R3WURWUjBUQVFIL0JBVXdBd0VCL3pBTkJna3Foa2lHOXcwQkFRc0ZBQU9DQVFFQQpPTUJ1em1ndnJYVnBkQjYvT0ZYdUFxTUhJNEVlNzY2OWExc0JQRWtIbFErelU0T3d4ZDRnc3dTQ28wZGJOSVBUCkNBUmE4OFN2cDMycSt2YWNOOXZWcVlESWlBc0Q5US9JcTZRL0lRL2wrU3R2eXJpbUQ0dlZLeGl0M28ycGJ5eWQKeEFhNERjQ25hd0xRMUtwMzJoZ2swN1ZxQnFFSGFPSU9STi9GblZRVEU3eWppZC95TndnU2VISHlmTEZoRDJuaApJcUZKbjJKQUphMTh3VUdoclhmODhMeDd2RzQ0MHQ4MkZiZGdFcHg1d2UvdFo5aFhUYUZWQ09raUVjWElCMEVMClIwYnRMMlNqODFQaWs5NkxiSUh0SXR2aUJrZFp2d0pMNk9mU2JEODloTVlhR1hvNzlabFFFY3Nsdm5UMGlKa00KamVuZ0V3Vzl6cEdHN1Zwdk5BZVNaUT09Ci0tLS0tRU5EIENFUlRJRklDQVRFLS0tLS0K",
                            "master_auth.0.password": "supersecretpassworddoxuplau",
                            "master_auth.0.username": "xuplau",
                            "master_version": "1.8.8-gke.0",
                            "monitoring_service": "monitoring.googleapis.com",
                            "name": "petclinic-dev",
                            "network": "petclinic-dev",
                            "network_policy.#": "0",
                            "node_config.#": "1",
                            "node_config.0.disk_size_gb": "100",
                            "node_config.0.guest_accelerator.#": "0",
                            "node_config.0.image_type": "COS",
                            "node_config.0.labels.%": "0",
                            "node_config.0.local_ssd_count": "0",
                            "node_config.0.machine_type": "n1-standard-1",
                            "node_config.0.metadata.%": "0",
                            "node_config.0.min_cpu_platform": "",
                            "node_config.0.oauth_scopes.#": "6",
                            "node_config.0.oauth_scopes.1277378754": "https://www.googleapis.com/auth/monitoring",
                            "node_config.0.oauth_scopes.1632638332": "https://www.googleapis.com/auth/devstorage.read_only",
                            "node_config.0.oauth_scopes.172152165": "https://www.googleapis.com/auth/logging.write",
                            "node_config.0.oauth_scopes.316356861": "https://www.googleapis.com/auth/service.management.readonly",
                            "node_config.0.oauth_scopes.3663490875": "https://www.googleapis.com/auth/servicecontrol",
                            "node_config.0.oauth_scopes.3859019814": "https://www.googleapis.com/auth/trace.append",
                            "node_config.0.preemptible": "false",
                            "node_config.0.service_account": "default",
                            "node_config.0.tags.#": "0",
                            "node_config.0.workload_metadata_config.#": "0",
                            "node_pool.#": "1",
                            "node_pool.0.autoscaling.#": "0",
                            "node_pool.0.initial_node_count": "2",
                            "node_pool.0.instance_group_urls.#": "1",
                            "node_pool.0.instance_group_urls.0": "https://www.googleapis.com/compute/v1/projects/concrete-198923/zones/us-central1-a/instanceGroupManagers/gke-petclinic-dev-default-pool-fc6f5b09-grp",
                            "node_pool.0.management.#": "1",
                            "node_pool.0.management.0.auto_repair": "false",
                            "node_pool.0.management.0.auto_upgrade": "false",
                            "node_pool.0.name": "default-pool",
                            "node_pool.0.name_prefix": "",
                            "node_pool.0.node_config.#": "1",
                            "node_pool.0.node_config.0.disk_size_gb": "100",
                            "node_pool.0.node_config.0.guest_accelerator.#": "0",
                            "node_pool.0.node_config.0.image_type": "COS",
                            "node_pool.0.node_config.0.labels.%": "0",
                            "node_pool.0.node_config.0.local_ssd_count": "0",
                            "node_pool.0.node_config.0.machine_type": "n1-standard-1",
                            "node_pool.0.node_config.0.metadata.%": "0",
                            "node_pool.0.node_config.0.min_cpu_platform": "",
                            "node_pool.0.node_config.0.oauth_scopes.#": "6",
                            "node_pool.0.node_config.0.oauth_scopes.1277378754": "https://www.googleapis.com/auth/monitoring",
                            "node_pool.0.node_config.0.oauth_scopes.1632638332": "https://www.googleapis.com/auth/devstorage.read_only",
                            "node_pool.0.node_config.0.oauth_scopes.172152165": "https://www.googleapis.com/auth/logging.write",
                            "node_pool.0.node_config.0.oauth_scopes.316356861": "https://www.googleapis.com/auth/service.management.readonly",
                            "node_pool.0.node_config.0.oauth_scopes.3663490875": "https://www.googleapis.com/auth/servicecontrol",
                            "node_pool.0.node_config.0.oauth_scopes.3859019814": "https://www.googleapis.com/auth/trace.append",
                            "node_pool.0.node_config.0.preemptible": "false",
                            "node_pool.0.node_config.0.service_account": "default",
                            "node_pool.0.node_config.0.tags.#": "0",
                            "node_pool.0.node_config.0.workload_metadata_config.#": "0",
                            "node_pool.0.node_count": "2",
                            "node_version": "1.8.8-gke.0",
                            "project": "concrete-198923",
                            "subnetwork": "petclinic-dev",
                            "zone": "us-central1-a"
                        },
                        "meta": {
                            "e2bfb730-ecaa-11e6-8f88-34363bc7c4c0": {
                                "create": 1800000000000,
                                "delete": 600000000000,
                                "update": 600000000000
                            },
                            "schema_version": "1"
                        },
                        "tainted": false
                    },
                    "deposed": [],
                    "provider": "provider.google"
                },
                "google_container_cluster.ci": {
                    "type": "google_container_cluster",
                    "depends_on": [
                        "google_compute_network.gcn-ci"
                    ],
                    "primary": {
                        "id": "jenkins-dev",
                        "attributes": {
                            "additional_zones.#": "0",
                            "addons_config.#": "1",
                            "addons_config.0.horizontal_pod_autoscaling.#": "0",
                            "addons_config.0.http_load_balancing.#": "0",
                            "addons_config.0.kubernetes_dashboard.#": "0",
                            "addons_config.0.network_policy_config.#": "1",
                            "addons_config.0.network_policy_config.0.disabled": "true",
                            "cluster_ipv4_cidr": "10.12.0.0/14",
                            "description": "",
                            "enable_kubernetes_alpha": "false",
                            "enable_legacy_abac": "true",
                            "endpoint": "35.184.69.61",
                            "id": "jenkins-dev",
                            "initial_node_count": "1",
                            "instance_group_urls.#": "2",
                            "instance_group_urls.0": "https://www.googleapis.com/compute/v1/projects/concrete-198923/zones/us-central1-a/instanceGroups/gke-jenkins-dev-default-pool-0079c874-grp",
                            "instance_group_urls.1": "https://www.googleapis.com/compute/v1/projects/concrete-198923/zones/us-central1-a/instanceGroups/gke-jenkins-dev-ci-pool-a2fe3a78-grp",
                            "logging_service": "logging.googleapis.com",
                            "master_auth.#": "1",
                            "master_auth.0.client_certificate": "LS0tLS1CRUdJTiBDRVJUSUZJQ0FURS0tLS0tCk1JSUMyakNDQWNLZ0F3SUJBZ0lRVVR0aUVhS1BDZTZkU0RERU8yOGJ6VEFOQmdrcWhraUc5dzBCQVFzRkFEQXYKTVMwd0t3WURWUVFERXlRMk16UmlOalppTlMweU9UVTBMVFF4TVRjdFlqTXlPQzA0TUdFeVpXVTNZalpsWVRJdwpIaGNOTVRnd016STJNVE15TVRRd1doY05Nak13TXpJMU1UTXlNVFF3V2pBUk1ROHdEUVlEVlFRREV3WmpiR2xsCmJuUXdnZ0VpTUEwR0NTcUdTSWIzRFFFQkFRVUFBNElCRHdBd2dnRUtBb0lCQVFETFl3d05lazcrbWNLeGhENGEKQ0RyZi90bnpuK1pOcmhXaGlpQzc0dXNHKy9zZTU0cEFMNmduc3dsamFqdmtuaHZ3UUtNSG1zU0diMWxPOG5aaApwcEROanFqZVBWVnNBMmtPcGdqLzQxRVU2U3R4aXpQSXVMQWtkOXIwTDNtKzlhVG1GYXhucHBCajRIYlRGTG52ClhVM0NLa0pDRkZVMDM1Q01jUUdGTzdidXZTa1FEMVQ3amZNRWQrM2QvYzJJcFM5SWV5bzdrTXR0VGJ4alJRYUgKdGVER25Nd01aT015VGlOVTJ5S01SR3RnVDFvUE55SmFSQjc0cFR5VkZ5YWc5aTNUVlZOMVhYdmxiOEowanJQQgoyYjRGenFwWnJTWksrcjdsUk9BTklHRHl4cmRkSzRDVlR1bkNrR1JraC9YZEd5RU9tTjdrejloQ2hNeFprTm1ECnEwbjNBZ01CQUFHakVEQU9NQXdHQTFVZEV3RUIvd1FDTUFBd0RRWUpLb1pJaHZjTkFRRUxCUUFEZ2dFQkFGWW0KU3hjaVZQL3llZEE4ckxaQWhua3EyM245bjlDY2pPa2gvTlR0cnQ0K1ZWVlhkRmt2cTNIMUNmN1AvemRBcVJHZQp1QktVSVZ1ZlFQNFZVNlc1SlZlUEJLMWtIem1MY0pDeGVud2g0bSt1MGtTdmZmUXRGWjBORlBtQVNBMGdOYTJoCmVrNERDSk1jY3pJejFRODA0aVNRWDdhSDZXNUZ6Ym5XUzF3Z1MzRS9US2lNYlE1NExSdDhIaXc4aHdDUjV1SGsKbzhkWTlQa0k5N1AxYXdOYlc0dVlEM2dJVktiZVZrRElQNStaMlhWdEVJcnVIL3o2RWp0bjJqWjlTZTV2THQ3bApPNWxzNkxReUk3dXhBWVNZZ3ZYdXJHMXNOeUJ2MUEvYXEvNlV4ZWcyWmFCbi9rZjkvZUFDR0xSdGRLeWxESC93CnFVUnRiUVNIbTg1b21xK2hwanM9Ci0tLS0tRU5EIENFUlRJRklDQVRFLS0tLS0K",
                            "master_auth.0.client_key": "LS0tLS1CRUdJTiBSU0EgUFJJVkFURSBLRVktLS0tLQpNSUlFb3dJQkFBS0NBUUVBeTJNTURYcE8vcG5Dc1lRK0dnZzYzLzdaODUvbVRhNFZvWW9ndStMckJ2djdIdWVLClFDK29KN01KWTJvNzVKNGI4RUNqQjVyRWhtOVpUdkoyWWFhUXpZNm8zajFWYkFOcERxWUkvK05SRk9rcmNZc3oKeUxpd0pIZmE5Qzk1dnZXazVoV3NaNmFRWStCMjB4UzU3MTFOd2lwQ1FoUlZOTitRakhFQmhUdTI3cjBwRUE5VQorNDN6QkhmdDNmM05pS1V2U0hzcU81RExiVTI4WTBVR2g3WGd4cHpNREdUak1rNGpWTnNpakVScllFOWFEemNpCldrUWUrS1U4bFJjbW9QWXQwMVZUZFYxNzVXL0NkSTZ6d2RtK0JjNnFXYTBtU3ZxKzVVVGdEU0JnOHNhM1hTdUEKbFU3cHdwQmtaSWYxM1JzaERwamU1TS9ZUW9UTVdaRFpnNnRKOXdJREFRQUJBb0lCQUVPYXNLN3FNTWZBSkU4TgpQZmM1TlJpdmhaTE5XNmdHYlhvOGg1VHNZR0w1N3diZXY3MkdHY2JZWkE1L2lWajhsUnpPMzJIdnQ5Tlh2Ny9XCktETmRRbFNSVHVCUVVzeU1kYWRBMlV6MUtrWmhHdWVxOVpPS2tFSU85T0NseHpvS1BMMmVCcWlOWFFGVjR5bFcKZ2xkbUZDcXVFVWdWcWh6aEV4TWJuUDNFVTVJWEJjRVZBTk1CV1dyZGRnMmE0Wm8zcTk5RkFrUi91MlhOcG0zeAoxUVJSVmpNNXE1bWx1MkNoaUJHMWVLV01RaEhiVTVER2NCZ1hCbW12Qm9jb1ZCYTVvN3ZhOFF1bkVDSXpLSXcyCnVEb0xRMW5FcldncmNFUkdQa3d0SXhraHhOaUZqd2QrVUU3R08yUVp0VmtQU3pDRWNCTTVDZVhxVllJakFEWXAKNVRKc0ZBRUNnWUVBL1ZNZnlETXBYZFgzT0YxVmEwenI1TGc4ODNKdzdVcHhsaWUyOFplQTB5WFRjOGFBdzB3NwpIazRjZ1BmSFRmT25kbFRWSkJGemtoTmJlWGMvV3dzUHRSWHRvWGJ6Q1pVT24xOEgwSS96NXFFTGxBN3dMMS9zCk0ycVg2bzJWVFUvOFlqS0dJdVl5aXNYZzJMOTVVakRuaDA3c1EyMFQwcnFXSU5sUlBxTVpOVUVDZ1lFQXpZanAKNHY1VTFKZHZmbC9WL1dQeVlWUElIVXBHc2xySk0rcWJIV3ZhM1VCVVo3OFBOOHdwcXpSMjN1K0gxa2Nzd3ZhSApObTJWbndneWljb1hCMHVuN0dnT1V3NWxtM290VFpYMVpVMGU4RCtJUG5rVHUvbU5idmJyOVBSWWJVeGMvKzQ1CjZRd0RocUl2TXcwVGVtY2JEbFI4T1ZSVjRkamZVV3dDdlF3dG1UY0NnWUEyeExiMVdLSlQ2RU9YeXc0QnNkSzYKVTE3U0gyYnMxcEJ5TDBudE41MGhpV2NLKzlxdzNwVlZldnZNb2tWVHhCN3JoWEhEWjRaK0NYTlljb0NmRldnaQo5WWUzeGZqTGxJOWh3M0QwRlh0YzNHcWRheEZnbkxON2Rrczc2YnBpeWEwK0tjQTRZVjZDQkVBVmZHZ2xiZTlRCm9LNlI4VTQ4M0J4REk5amQydk5EUVFLQmdIMjBLT2VOaVRCa1ZlcENqc3ZrbnM3cndNNDVLVGZYMG9xUUI4SmMKdm9UbTNUaCtYNzVPZllXYUZzR09XZE94d0N5VlBta0phS0xWRHFPN0Y0NTh0UDBmUHZPSk1KZUFoOGlWMkhuVwpTdi9BdTRFSjZBbmxQSjBMSTVDekNJb0FWRGlxNkh3aHZ0NU92dk5JSWd1UWw3bVI3ay9aeHBUVVlQQ1pVS3R5CmtVak5Bb0dCQUlTZHZiOEtwR1NJNTRlQ2Erak5pd0FkcVE2a1pTV3NTdnA2QmYyV0hoMmhUdGlocVkyeUxxc3UKbUd6S0QrUTVHeStiVFN6cWY1YmpENHNNV2ZlZkJCQlI5RFE0cUh2c2FiRUdDN2xCN1QzQ1BycHZZQU10KzJidQp4djEyRzB6aFRKREx6TStCREo2eXdDZklFMHpHL01IWTB3V2N0NW04UzJ1N0Q2TzFFQ3FOCi0tLS0tRU5EIFJTQSBQUklWQVRFIEtFWS0tLS0tCg==",
                            "master_auth.0.cluster_ca_certificate": "LS0tLS1CRUdJTiBDRVJUSUZJQ0FURS0tLS0tCk1JSURDekNDQWZPZ0F3SUJBZ0lRU2kwcTRyc0JRN0l0YmRIbENhcEJ3ekFOQmdrcWhraUc5dzBCQVFzRkFEQXYKTVMwd0t3WURWUVFERXlRMk16UmlOalppTlMweU9UVTBMVFF4TVRjdFlqTXlPQzA0TUdFeVpXVTNZalpsWVRJdwpIaGNOTVRnd016STJNVEl5TVRRd1doY05Nak13TXpJMU1UTXlNVFF3V2pBdk1TMHdLd1lEVlFRREV5UTJNelJpCk5qWmlOUzB5T1RVMExUUXhNVGN0WWpNeU9DMDRNR0V5WldVM1lqWmxZVEl3Z2dFaU1BMEdDU3FHU0liM0RRRUIKQVFVQUE0SUJEd0F3Z2dFS0FvSUJBUURGSy9kZ1JZMFI3Z3F4R29RbHdPcHl6dnFhVHltUkFiVk45ZlVCVzkxNAo4em5NRWFuWUFvVC84MnhZNzgrNXJQbzJFRkVsZ3N2bVlybUdkbFIxb0ttVVlKallibGFNN2EyK05sT2tHR1lKCnJYWkM5ejQzc1llTmFIcnZ3M1pkKzZnQ2hUUU5MOFBzR2kyMXdBb3c4RjZoeGNjcHRmYXFPOWVTcVNRcWNnNVAKeWdiM2t0aURPa3J4YjFUNUZ3bFgyYnRIZ21TZGdZT2lxNVU5dUpaYU9YeDk3Z0FGamZ5blc5SnpsaVRWZm9XWQpzTUsyQmt3RnJzdGlGakdNWXlKM01QeEFVcjdtcWN4aDE3Y3FURnlZUUs0amt4MTJIS09tN3UwSjkyUFRkR1NxCm5POWlRQXpxenhVc05OQjhnV0ZKQkNocGI4OVRIWWE4dVlrMldZUlN1TjJoQWdNQkFBR2pJekFoTUE0R0ExVWQKRHdFQi93UUVBd0lDQkRBUEJnTlZIUk1CQWY4RUJUQURBUUgvTUEwR0NTcUdTSWIzRFFFQkN3VUFBNElCQVFDYgorU1lBMDVxMTZDem40cy8wb2VkN0ZsdEUxSWkwVExzS0t0d2RWNUVZZGRTd24zbWI2ek81Y0w5RUhKcGV0KzVYCnBjNGt0SFF0R2VLaEdKbmpRdEZpWlFSVE94MmVyVlpMSmdRek9JTzJpUDc1b0Z1dlUzRDE2SVhaYUp1bzR6WUIKOFpHRGNucGtSZGZrdWl1a3UxZ3lmWStDQmhIQi9uTGtrZU42Z0poUUtrZFRLcDhpWVcwQlY0cEZXVDNpSmNyUgpLdEJKZXNQYUM1bXN4b3dUMUh4R1FpU3dnM29LMU81OUYwK21VZHEwdWoxYmo2YmZNbkdOYnhNRmE0a1FEN0xaCnNldGhKb2pZdmxrSU5Lckh1aWVNS3dkZ0tWR25FSzJ4SWxaVVlUaUIwbk9kcUpnTVI5VWJSSm9rNm15c0tkTTMKempkaG8vQmY5SGxQUUNZWjB2WGYKLS0tLS1FTkQgQ0VSVElGSUNBVEUtLS0tLQo=",
                            "master_auth.0.password": "supersecretpassworddoxuplau",
                            "master_auth.0.username": "xuplau",
                            "master_version": "1.8.8-gke.0",
                            "monitoring_service": "monitoring.googleapis.com",
                            "name": "jenkins-dev",
                            "network": "jenkins-dev",
                            "network_policy.#": "0",
                            "node_config.#": "1",
                            "node_config.0.disk_size_gb": "100",
                            "node_config.0.guest_accelerator.#": "0",
                            "node_config.0.image_type": "COS",
                            "node_config.0.labels.%": "0",
                            "node_config.0.local_ssd_count": "0",
                            "node_config.0.machine_type": "n1-standard-1",
                            "node_config.0.metadata.%": "0",
                            "node_config.0.min_cpu_platform": "",
                            "node_config.0.oauth_scopes.#": "6",
                            "node_config.0.oauth_scopes.1277378754": "https://www.googleapis.com/auth/monitoring",
                            "node_config.0.oauth_scopes.1632638332": "https://www.googleapis.com/auth/devstorage.read_only",
                            "node_config.0.oauth_scopes.172152165": "https://www.googleapis.com/auth/logging.write",
                            "node_config.0.oauth_scopes.316356861": "https://www.googleapis.com/auth/service.management.readonly",
                            "node_config.0.oauth_scopes.3663490875": "https://www.googleapis.com/auth/servicecontrol",
                            "node_config.0.oauth_scopes.3859019814": "https://www.googleapis.com/auth/trace.append",
                            "node_config.0.preemptible": "false",
                            "node_config.0.service_account": "default",
                            "node_config.0.tags.#": "0",
                            "node_config.0.workload_metadata_config.#": "0",
                            "node_pool.#": "2",
                            "node_pool.0.autoscaling.#": "0",
                            "node_pool.0.initial_node_count": "1",
                            "node_pool.0.instance_group_urls.#": "1",
                            "node_pool.0.instance_group_urls.0": "https://www.googleapis.com/compute/v1/projects/concrete-198923/zones/us-central1-a/instanceGroupManagers/gke-jenkins-dev-default-pool-0079c874-grp",
                            "node_pool.0.management.#": "1",
                            "node_pool.0.management.0.auto_repair": "false",
                            "node_pool.0.management.0.auto_upgrade": "false",
                            "node_pool.0.name": "default-pool",
                            "node_pool.0.name_prefix": "",
                            "node_pool.0.node_config.#": "1",
                            "node_pool.0.node_config.0.disk_size_gb": "100",
                            "node_pool.0.node_config.0.guest_accelerator.#": "0",
                            "node_pool.0.node_config.0.image_type": "COS",
                            "node_pool.0.node_config.0.labels.%": "0",
                            "node_pool.0.node_config.0.local_ssd_count": "0",
                            "node_pool.0.node_config.0.machine_type": "n1-standard-1",
                            "node_pool.0.node_config.0.metadata.%": "0",
                            "node_pool.0.node_config.0.min_cpu_platform": "",
                            "node_pool.0.node_config.0.oauth_scopes.#": "6",
                            "node_pool.0.node_config.0.oauth_scopes.1277378754": "https://www.googleapis.com/auth/monitoring",
                            "node_pool.0.node_config.0.oauth_scopes.1632638332": "https://www.googleapis.com/auth/devstorage.read_only",
                            "node_pool.0.node_config.0.oauth_scopes.172152165": "https://www.googleapis.com/auth/logging.write",
                            "node_pool.0.node_config.0.oauth_scopes.316356861": "https://www.googleapis.com/auth/service.management.readonly",
                            "node_pool.0.node_config.0.oauth_scopes.3663490875": "https://www.googleapis.com/auth/servicecontrol",
                            "node_pool.0.node_config.0.oauth_scopes.3859019814": "https://www.googleapis.com/auth/trace.append",
                            "node_pool.0.node_config.0.preemptible": "false",
                            "node_pool.0.node_config.0.service_account": "default",
                            "node_pool.0.node_config.0.tags.#": "0",
                            "node_pool.0.node_config.0.workload_metadata_config.#": "0",
                            "node_pool.0.node_count": "0",
                            "node_pool.1.autoscaling.#": "0",
                            "node_pool.1.initial_node_count": "1",
                            "node_pool.1.instance_group_urls.#": "1",
                            "node_pool.1.instance_group_urls.0": "https://www.googleapis.com/compute/v1/projects/concrete-198923/zones/us-central1-a/instanceGroupManagers/gke-jenkins-dev-ci-pool-a2fe3a78-grp",
                            "node_pool.1.management.#": "1",
                            "node_pool.1.management.0.auto_repair": "false",
                            "node_pool.1.management.0.auto_upgrade": "false",
                            "node_pool.1.name": "ci-pool",
                            "node_pool.1.name_prefix": "",
                            "node_pool.1.node_config.#": "1",
                            "node_pool.1.node_config.0.disk_size_gb": "100",
                            "node_pool.1.node_config.0.guest_accelerator.#": "0",
                            "node_pool.1.node_config.0.image_type": "COS",
                            "node_pool.1.node_config.0.labels.%": "0",
                            "node_pool.1.node_config.0.local_ssd_count": "0",
                            "node_pool.1.node_config.0.machine_type": "n1-standard-4",
                            "node_pool.1.node_config.0.metadata.%": "0",
                            "node_pool.1.node_config.0.min_cpu_platform": "",
                            "node_pool.1.node_config.0.oauth_scopes.#": "4",
                            "node_pool.1.node_config.0.oauth_scopes.1277378754": "https://www.googleapis.com/auth/monitoring",
                            "node_pool.1.node_config.0.oauth_scopes.1632638332": "https://www.googleapis.com/auth/devstorage.read_only",
                            "node_pool.1.node_config.0.oauth_scopes.172152165": "https://www.googleapis.com/auth/logging.write",
                            "node_pool.1.node_config.0.oauth_scopes.299962681": "https://www.googleapis.com/auth/compute",
                            "node_pool.1.node_config.0.preemptible": "false",
                            "node_pool.1.node_config.0.service_account": "default",
                            "node_pool.1.node_config.0.tags.#": "0",
                            "node_pool.1.node_config.0.workload_metadata_config.#": "0",
                            "node_pool.1.node_count": "1",
                            "node_version": "1.8.8-gke.0",
                            "project": "concrete-198923",
                            "subnetwork": "jenkins-dev",
                            "zone": "us-central1-a"
                        },
                        "meta": {
                            "e2bfb730-ecaa-11e6-8f88-34363bc7c4c0": {
                                "create": 1800000000000,
                                "delete": 600000000000,
                                "update": 600000000000
                            },
                            "schema_version": "1"
                        },
                        "tainted": false
                    },
                    "deposed": [],
                    "provider": "provider.google"
                },
                "google_container_node_pool.ci": {
                    "type": "google_container_node_pool",
                    "depends_on": [
                        "google_container_cluster.ci"
                    ],
                    "primary": {
                        "id": "us-central1-a/jenkins-dev/ci-pool",
                        "attributes": {
                            "cluster": "jenkins-dev",
                            "id": "us-central1-a/jenkins-dev/ci-pool",
                            "initial_node_count": "1",
                            "instance_group_urls.#": "1",
                            "instance_group_urls.0": "https://www.googleapis.com/compute/v1/projects/concrete-198923/zones/us-central1-a/instanceGroupManagers/gke-jenkins-dev-ci-pool-a2fe3a78-grp",
                            "management.#": "1",
                            "management.0.auto_repair": "false",
                            "management.0.auto_upgrade": "false",
                            "name": "ci-pool",
                            "name_prefix": "",
                            "node_config.#": "1",
                            "node_config.0.disk_size_gb": "100",
                            "node_config.0.guest_accelerator.#": "0",
                            "node_config.0.image_type": "COS",
                            "node_config.0.labels.%": "0",
                            "node_config.0.local_ssd_count": "0",
                            "node_config.0.machine_type": "n1-standard-4",
                            "node_config.0.metadata.%": "0",
                            "node_config.0.min_cpu_platform": "",
                            "node_config.0.oauth_scopes.#": "4",
                            "node_config.0.oauth_scopes.1277378754": "https://www.googleapis.com/auth/monitoring",
                            "node_config.0.oauth_scopes.1632638332": "https://www.googleapis.com/auth/devstorage.read_only",
                            "node_config.0.oauth_scopes.172152165": "https://www.googleapis.com/auth/logging.write",
                            "node_config.0.oauth_scopes.299962681": "https://www.googleapis.com/auth/compute",
                            "node_config.0.preemptible": "false",
                            "node_config.0.service_account": "default",
                            "node_config.0.tags.#": "0",
                            "node_config.0.workload_metadata_config.#": "0",
                            "node_count": "1",
                            "project": "concrete-198923",
                            "zone": "us-central1-a"
                        },
                        "meta": {
                            "e2bfb730-ecaa-11e6-8f88-34363bc7c4c0": {
                                "create": 1800000000000,
                                "delete": 600000000000,
                                "update": 600000000000
                            },
                            "schema_version": "1"
                        },
                        "tainted": false
                    },
                    "deposed": [],
                    "provider": "provider.google"
                }
            },
            "depends_on": []
        }
    ]
}
