{
    "version": 3,
    "terraform_version": "0.11.4",
    "serial": 10,
    "lineage": "7700c17f-4ef6-5743-26ea-b7a4855e552e",
    "modules": [
        {
            "path": [
                "root"
            ],
            "outputs": {},
            "resources": {
                "google_compute_network.gcn-api": {
                    "type": "google_compute_network",
                    "depends_on": [],
                    "primary": {
                        "id": "petclinic-dev",
                        "attributes": {
                            "auto_create_subnetworks": "true",
                            "description": "",
                            "gateway_ipv4": "",
                            "id": "petclinic-dev",
                            "ipv4_range": "",
                            "name": "petclinic-dev",
                            "project": "concrete-198923",
                            "routing_mode": "REGIONAL",
                            "self_link": "https://www.googleapis.com/compute/v1/projects/concrete-198923/global/networks/petclinic-dev"
                        },
                        "meta": {},
                        "tainted": false
                    },
                    "deposed": [],
                    "provider": "provider.google"
                },
                "google_compute_network.gcn-ci": {
                    "type": "google_compute_network",
                    "depends_on": [],
                    "primary": {
                        "id": "jenkins-dev",
                        "attributes": {
                            "auto_create_subnetworks": "true",
                            "description": "",
                            "gateway_ipv4": "",
                            "id": "jenkins-dev",
                            "ipv4_range": "",
                            "name": "jenkins-dev",
                            "project": "concrete-198923",
                            "routing_mode": "REGIONAL",
                            "self_link": "https://www.googleapis.com/compute/v1/projects/concrete-198923/global/networks/jenkins-dev"
                        },
                        "meta": {},
                        "tainted": false
                    },
                    "deposed": [],
                    "provider": "provider.google"
                }
            },
            "depends_on": []
        }
    ]
}
