{
    "version": 3,
    "terraform_version": "0.11.4",
    "serial": 3,
    "lineage": "bec641b6-7437-5744-a7dc-6e285e6b4dba",
    "modules": [
        {
            "path": [
                "root"
            ],
            "outputs": {},
            "resources": {
                "google_compute_global_address.api": {
                    "type": "google_compute_global_address",
                    "depends_on": [],
                    "primary": {
                        "id": "petclinic-dev",
                        "attributes": {
                            "address": "35.201.96.3",
                            "id": "petclinic-dev",
                            "ip_version": "",
                            "name": "petclinic-dev",
                            "project": "concrete-198923",
                            "self_link": "https://www.googleapis.com/compute/v1/projects/concrete-198923/global/addresses/petclinic-dev"
                        },
                        "meta": {},
                        "tainted": false
                    },
                    "deposed": [],
                    "provider": "provider.google"
                },
                "google_compute_network.gcn-api": {
                    "type": "google_compute_network",
                    "depends_on": [],
                    "primary": {
                        "id": "petclinic-dev",
                        "attributes": {
                            "auto_create_subnetworks": "true",
                            "description": "",
                            "gateway_ipv4": "",
                            "id": "petclinic-dev",
                            "ipv4_range": "",
                            "name": "petclinic-dev",
                            "project": "concrete-198923",
                            "routing_mode": "REGIONAL",
                            "self_link": "https://www.googleapis.com/compute/v1/projects/concrete-198923/global/networks/petclinic-dev"
                        },
                        "meta": {},
                        "tainted": false
                    },
                    "deposed": [],
                    "provider": "provider.google"
                },
                "google_container_cluster.api": {
                    "type": "google_container_cluster",
                    "depends_on": [
                        "google_compute_network.gcn-api"
                    ],
                    "primary": {
                        "id": "petclinic-dev",
                        "attributes": {
                            "additional_zones.#": "0",
                            "addons_config.#": "1",
                            "addons_config.0.horizontal_pod_autoscaling.#": "0",
                            "addons_config.0.http_load_balancing.#": "0",
                            "addons_config.0.kubernetes_dashboard.#": "0",
                            "addons_config.0.network_policy_config.#": "1",
                            "addons_config.0.network_policy_config.0.disabled": "true",
                            "cluster_ipv4_cidr": "10.16.0.0/14",
                            "description": "",
                            "enable_kubernetes_alpha": "false",
                            "enable_legacy_abac": "true",
                            "endpoint": "104.197.171.187",
                            "id": "petclinic-dev",
                            "initial_node_count": "2",
                            "instance_group_urls.#": "1",
                            "instance_group_urls.0": "https://www.googleapis.com/compute/v1/projects/concrete-198923/zones/us-central1-a/instanceGroups/gke-petclinic-dev-default-pool-35a14648-grp",
                            "logging_service": "logging.googleapis.com",
                            "master_auth.#": "1",
                            "master_auth.0.client_certificate": "LS0tLS1CRUdJTiBDRVJUSUZJQ0FURS0tLS0tCk1JSUMyakNDQWNLZ0F3SUJBZ0lRQ3JxZzVHUnNIVEVKTVdRZmVBQWpWekFOQmdrcWhraUc5dzBCQVFzRkFEQXYKTVMwd0t3WURWUVFERXlRMk9XRmxPR1E0TXkxaU1URTFMVFF3T0dJdFlqSTRZUzAzTXpVek4yWmlaRGd3TkRRdwpIaGNOTVRnd016STNNVGt3TVRBMFdoY05Nak13TXpJMk1Ua3dNVEEwV2pBUk1ROHdEUVlEVlFRREV3WmpiR2xsCmJuUXdnZ0VpTUEwR0NTcUdTSWIzRFFFQkFRVUFBNElCRHdBd2dnRUtBb0lCQVFENUtXempuOHBkdE9YaFZkS2kKZlJCZDdmU3NXajJWQW1qOGJSTGEzT1gyTEIwKzhveWM1VzZpNTVuMmlIMmJXTUF5eWFCUzVCeWFzRlduS2V0RwpEZVNQa2lSY0MzcWxuV0xxKzRZbmNQcllkelhIRkt1d3UrSWdxc0NoeWNFQSsyMGpqNWJVQ2pKeWhQSjRlT0JhCkp1S1BsMElRMndHTk9rR1d2YTVvdmZndHkvaFVJemhOWjFtQ2dVV21JdVpTdFduTENmWk5oUmJpRUU3YndUSisKM3UzL2dlVENHSU55aUthc2I5L1Bmck1wbmo0VGZyTWtOa1JweHZhMDhzUEtBak11ZjVBMForRzZJcFlLUVU3eApub0FVdnl2TWhScTJIaE0xVXpHUXV3OVBDTC81ZnU5a1FxOWs2eWgrOWRHQlcwcHRvUEQ5YkdYVUY5SlZzdmdoCnEvVlJBZ01CQUFHakVEQU9NQXdHQTFVZEV3RUIvd1FDTUFBd0RRWUpLb1pJaHZjTkFRRUxCUUFEZ2dFQkFEc2wKeU9VTVJ4a2QzQSsxZ0d2dlM5c2pHZzlUeGdDcU1va2g2KzhFdzREZUd0RlJES3VEazhOeDg0b0pScHZZSVJxSwpsVTF5V1phL0tlK0U4ZTl3M0tJRmpKLy9nd2gwV2VOZGl0RVh2M1lSMk1XTHdldXdiMlZjVnBya1VOczZHQmVSCkVJTUd2MmVWd0NBSkdjMGF5eDljazQrZDJweFdHM3RXMnRKek1tQVd3QkdBNVBSM0xhemxmWTM1VnB6VDNsZDQKSEhaNk9pM0lSTXJjb3J0Rm94N0VZVk1IYWRmV2xhaDFIazdJMnpJOXNzYVQ4ODN0dlB6T3R3L1VlSTJ3czRwaQpqMWdaZm9JdzlvTElrRW84MXg4TWp6OEZZem1BVVYva2VOWlduQmE3VUxzaUdGaEtpMVRiUWdIQWJ0Wlg0MHpuCllBZW5RdDFnRnlxUTJuSUUwQW89Ci0tLS0tRU5EIENFUlRJRklDQVRFLS0tLS0K",
                            "master_auth.0.client_key": "LS0tLS1CRUdJTiBSU0EgUFJJVkFURSBLRVktLS0tLQpNSUlFcEFJQkFBS0NBUUVBK1NsczQ1L0tYYlRsNFZYU29uMFFYZTMwckZvOWxRSm8vRzBTMnR6bDlpd2RQdktNCm5PVnVvdWVaOW9oOW0xakFNc21nVXVRY21yQlZweW5yUmcza2o1SWtYQXQ2cFoxaTZ2dUdKM0Q2MkhjMXh4U3IKc0x2aUlLckFvY25CQVB0dEk0K1cxQW95Y29UeWVIamdXaWJpajVkQ0VOc0JqVHBCbHIydWFMMzRMY3Y0VkNNNApUV2RaZ29GRnBpTG1VclZweXduMlRZVVc0aEJPMjhFeWZ0N3QvNEhrd2hpRGNvaW1yRy9mejM2ektaNCtFMzZ6CkpEWkVhY2IydFBMRHlnSXpMbitRTkdmaHVpS1dDa0ZPOFo2QUZMOHJ6SVVhdGg0VE5WTXhrTHNQVHdpLytYN3YKWkVLdlpPc29mdlhSZ1Z0S2JhRHcvV3hsMUJmU1ZiTDRJYXYxVVFJREFRQUJBb0lCQUQ0RnZaVUk1dlUrRFZZegpDS2lKaEx3NCttVzMzZW44akZrL3BvaWtJYnRPZm1ZM3R1QnNiVWF3YTc4MmVUdmxFd3poYTE4TzZQN3BvNXlsCnZ1cjBsTjlYUStWRXR6NUlLQUl4NDlKb0dZMHVXWXpwdkpaVklxUTZsUktBK0NJUU5EbjhxWkUxUzVyOXRLVGcKQkFyMDhJTkpaZmp2cDFwNk5LNzdIeEgwTGZYcCtUT3VvVnk4ZUJwVk4zcTlmWXZySDkyVW5PdVcycWljSUNHMQp1N3ZHK0tmcWZ1SXJPL1RMaFJMVTFsaFFuclNMQmE0cEdTVzFZQ3E5d3NNbkhDYUFXZkJZbHM4TldkdUhaakFoCkFMN2phcUNYZUJaZVA0YWMzd3RBRGNWN3VPYU9PYVNVNGxmMC8rVnp6VTU5ek15UW1WRGIxWlFDZEIra1IwUEsKNzhPZmdVVUNnWUVBL3lyVGNLLzR5ek1kRG5WbS9mNHAxZkJOMGhmb2d6aHlaRkpwZlova2ZMWUdzVnhqNjdGMwpqaWtPei8xZDdGN3NuWm9OTndyT0JiL1NTUUZPd3hZeEF2U3JxM3NrN3dGbTc5ZGJqaU92cWwwQlFNL3ArNjFnCndZSVA3c05COXRDRkZYN0hIUDNGSzZzQmNhVTEraWIyb2I2bEl2SEY3a05qL21hSURHa3RnR1VDZ1lFQStmbVYKRDN2YVgweVUybFA1dGdXd1ZoRVg1T3RVOGd0Y0VVcUtUNlRTeWdkVy9uVHYxMG13SjZHUmpsaG1UUVppUEcvbgo1dGxhMkhSTUVaeW5TQmE2d05iR0Rlbm90UWQvRTlnalhlL1lhUXByU0pENW96UmZvRHI1MWg4SHBHei84QmZuClA4SXB4R01VbStYOTJrSWZiU3JUSTZsQVZPeEx3aE5Id1NTRTlIMENnWUJiMmVlb3piOXFMZWtNdGxndm45a2gKYU5JcWlXNnFKWnlQM2xhWTRRQ1huOUtDNzdZTU5xTEpxcC9wWU5QNWJTWVJpVTJ1ZlpZeDNaM3RwNm5aY2RpTQpydFJJOHhnVmJOVElDeWFxNE0rd0xMQnh5eVgzOGE0OW1mcndRSnN6SkZaenFXSTFYbWdtVXZVL0duQjJycVhqCkRVUldjdCtENkFCTHFFN2E0TlYvUFFLQmdRRFppT0MzQU1rZ2RieHo0dkJEL3Q5ZGhyS01mRjhINCtyVEFWTXIKeS92RDVHOUlNT3NuSnZFdEMrVm5RbmFFUVRIcjlsYVJCa1dRYUdScVR6RWtBdU95UFRWTmxtajBZUG10ZzBJRAoxVjAyeStKZzNBamloZ2xSbndFYjNSVUJlZm1nTHEwSFJ5aWh4cmVBazcwOTJwME9tMTN5Z3ErQk44RVZ1MEdPClN3R0k0UUtCZ1FDcGRxY0NTbnlFSUlqbXBDc3N3UlVDR3JYcFFrWkpPSDJqTzZWSUx2bFZobWY4bDNnZFRIWXkKc29aQzhkdU1adTJUUkQzNVJMT3FhZTcrenNPMEtCb2FhT2cxVHNXWUhQRk51aFh4bllISE9ZVmVLWGlqVTEyQQpUYkcvakJOZEtLNFZ5Z0JDU1NPai94eVdWQkFna0QycFhHdUZBZ1hCc1kySm1RNjRXWHllS1E9PQotLS0tLUVORCBSU0EgUFJJVkFURSBLRVktLS0tLQo=",
                            "master_auth.0.cluster_ca_certificate": "LS0tLS1CRUdJTiBDRVJUSUZJQ0FURS0tLS0tCk1JSURDekNDQWZPZ0F3SUJBZ0lRVSt3ZVBmalZQZWc4aVFRYjQ2Q0dZREFOQmdrcWhraUc5dzBCQVFzRkFEQXYKTVMwd0t3WURWUVFERXlRMk9XRmxPR1E0TXkxaU1URTFMVFF3T0dJdFlqSTRZUzAzTXpVek4yWmlaRGd3TkRRdwpIaGNOTVRnd016STNNVGd3TVRBeldoY05Nak13TXpJMk1Ua3dNVEF6V2pBdk1TMHdLd1lEVlFRREV5UTJPV0ZsCk9HUTRNeTFpTVRFMUxUUXdPR0l0WWpJNFlTMDNNelV6TjJaaVpEZ3dORFF3Z2dFaU1BMEdDU3FHU0liM0RRRUIKQVFVQUE0SUJEd0F3Z2dFS0FvSUJBUUNqSXBtczVpM0Y0QzM2SktENEI1cXVxRnI0bWxEakpwRW1nT0RsSWMxYgpEYWprS3MrVTBmdzdIV0tPZFZRZzBJL1pSYTI2SzdYWUg0WTdLVU1yMEQ5U25HYXJYZHEveVBIemFWdVdsSDU2CnJYaHUyekV2bU0rZjZVcENUUURteU9GS2haR2VYVXQ3NWpVL09hbXZVWTdBcTVhbHNMaUJhd3VURFF1eHlDRDYKZ0VVdDJSNkx2eEc2THB3SVdBSGdlOWlxTW1RSnFGUTY4UDQrejVtWlI0T2J1eW0xS2YzSTZXcTZvVEVzVFRDTgpYZG5MaVFUN29FcC9uL2RUREpzWCt6UUFHZGJsaXJqVURRUE9rR0FGSjZIOFJCbGtweGNVRUxObDExbm9hSXZVCnhsYjlkcFN2NDdoSENNWnF5N2VweDNXR3g3S0YxNlhncVQ0aEVSdTBPd0d4QWdNQkFBR2pJekFoTUE0R0ExVWQKRHdFQi93UUVBd0lDQkRBUEJnTlZIUk1CQWY4RUJUQURBUUgvTUEwR0NTcUdTSWIzRFFFQkN3VUFBNElCQVFCUgpvUFRXWm13MXJqdzlrdHNqOEZsNm5CZUdlTCtGb3huYTBPRFdVdTQrQS92N1ZIS0lVSkwyTENVazZLelRLbm94ClZDVkFRaG5MV0V3RXJxTHlIWngyZ2E1SXgvdnA0ZjI4NDRrL0ZydENJOVJlazdZVFM2UUpueWNkUUhhdFRhbUMKMDRmSkIycEYxbXdCWkNnMm1TRytiaWF4NEdZczUrbG5hV0ZtZThwa1B0bXZERVYzYmdpdWNFb2ovMnRmUGU1QQowWTBsa3hDeWQ4ZElKQURNM0ZuRGd0MmxxTXBxeGJ4N3BWWnRuNU5nMDZteUNnaVljM1h6M3ZFd3l4M0RFVjhmCjUrZ0pVS1hQM0E2VTB1Z20rNDEvMFdUbEJ4REc2TnhSVGFFMXBMUXRRbit0WjBlclpVaWZWakVZVzdmeVc4Z28KVjNhVTBQUmcxWENMTHpiTGd1bmkKLS0tLS1FTkQgQ0VSVElGSUNBVEUtLS0tLQo=",
                            "master_auth.0.password": "supersecretpassworddoxuplau",
                            "master_auth.0.username": "xuplau",
                            "master_version": "1.8.8-gke.0",
                            "monitoring_service": "monitoring.googleapis.com",
                            "name": "petclinic-dev",
                            "network": "petclinic-dev",
                            "network_policy.#": "0",
                            "node_config.#": "1",
                            "node_config.0.disk_size_gb": "100",
                            "node_config.0.guest_accelerator.#": "0",
                            "node_config.0.image_type": "COS",
                            "node_config.0.labels.%": "0",
                            "node_config.0.local_ssd_count": "0",
                            "node_config.0.machine_type": "n1-standard-1",
                            "node_config.0.metadata.%": "0",
                            "node_config.0.min_cpu_platform": "",
                            "node_config.0.oauth_scopes.#": "6",
                            "node_config.0.oauth_scopes.1277378754": "https://www.googleapis.com/auth/monitoring",
                            "node_config.0.oauth_scopes.1632638332": "https://www.googleapis.com/auth/devstorage.read_only",
                            "node_config.0.oauth_scopes.172152165": "https://www.googleapis.com/auth/logging.write",
                            "node_config.0.oauth_scopes.316356861": "https://www.googleapis.com/auth/service.management.readonly",
                            "node_config.0.oauth_scopes.3663490875": "https://www.googleapis.com/auth/servicecontrol",
                            "node_config.0.oauth_scopes.3859019814": "https://www.googleapis.com/auth/trace.append",
                            "node_config.0.preemptible": "false",
                            "node_config.0.service_account": "default",
                            "node_config.0.tags.#": "0",
                            "node_config.0.workload_metadata_config.#": "0",
                            "node_pool.#": "1",
                            "node_pool.0.autoscaling.#": "0",
                            "node_pool.0.initial_node_count": "2",
                            "node_pool.0.instance_group_urls.#": "1",
                            "node_pool.0.instance_group_urls.0": "https://www.googleapis.com/compute/v1/projects/concrete-198923/zones/us-central1-a/instanceGroupManagers/gke-petclinic-dev-default-pool-35a14648-grp",
                            "node_pool.0.management.#": "1",
                            "node_pool.0.management.0.auto_repair": "false",
                            "node_pool.0.management.0.auto_upgrade": "false",
                            "node_pool.0.name": "default-pool",
                            "node_pool.0.name_prefix": "",
                            "node_pool.0.node_config.#": "1",
                            "node_pool.0.node_config.0.disk_size_gb": "100",
                            "node_pool.0.node_config.0.guest_accelerator.#": "0",
                            "node_pool.0.node_config.0.image_type": "COS",
                            "node_pool.0.node_config.0.labels.%": "0",
                            "node_pool.0.node_config.0.local_ssd_count": "0",
                            "node_pool.0.node_config.0.machine_type": "n1-standard-1",
                            "node_pool.0.node_config.0.metadata.%": "0",
                            "node_pool.0.node_config.0.min_cpu_platform": "",
                            "node_pool.0.node_config.0.oauth_scopes.#": "6",
                            "node_pool.0.node_config.0.oauth_scopes.1277378754": "https://www.googleapis.com/auth/monitoring",
                            "node_pool.0.node_config.0.oauth_scopes.1632638332": "https://www.googleapis.com/auth/devstorage.read_only",
                            "node_pool.0.node_config.0.oauth_scopes.172152165": "https://www.googleapis.com/auth/logging.write",
                            "node_pool.0.node_config.0.oauth_scopes.316356861": "https://www.googleapis.com/auth/service.management.readonly",
                            "node_pool.0.node_config.0.oauth_scopes.3663490875": "https://www.googleapis.com/auth/servicecontrol",
                            "node_pool.0.node_config.0.oauth_scopes.3859019814": "https://www.googleapis.com/auth/trace.append",
                            "node_pool.0.node_config.0.preemptible": "false",
                            "node_pool.0.node_config.0.service_account": "default",
                            "node_pool.0.node_config.0.tags.#": "0",
                            "node_pool.0.node_config.0.workload_metadata_config.#": "0",
                            "node_pool.0.node_count": "2",
                            "node_version": "1.8.8-gke.0",
                            "project": "concrete-198923",
                            "subnetwork": "petclinic-dev",
                            "zone": "us-central1-a"
                        },
                        "meta": {
                            "e2bfb730-ecaa-11e6-8f88-34363bc7c4c0": {
                                "create": 1800000000000,
                                "delete": 600000000000,
                                "update": 600000000000
                            },
                            "schema_version": "1"
                        },
                        "tainted": false
                    },
                    "deposed": [],
                    "provider": "provider.google"
                },
                "google_container_node_pool.api": {
                    "type": "google_container_node_pool",
                    "depends_on": [
                        "google_container_cluster.api"
                    ],
                    "primary": {
                        "id": "us-central1-a/petclinic-dev/api",
                        "attributes": {
                            "cluster": "petclinic-dev",
                            "id": "us-central1-a/petclinic-dev/api",
                            "initial_node_count": "2",
                            "instance_group_urls.#": "1",
                            "instance_group_urls.0": "https://www.googleapis.com/compute/v1/projects/concrete-198923/zones/us-central1-a/instanceGroupManagers/gke-petclinic-dev-api-2b684176-grp",
                            "management.#": "1",
                            "management.0.auto_repair": "false",
                            "management.0.auto_upgrade": "false",
                            "name": "api",
                            "name_prefix": "",
                            "node_config.#": "1",
                            "node_config.0.disk_size_gb": "100",
                            "node_config.0.guest_accelerator.#": "0",
                            "node_config.0.image_type": "COS",
                            "node_config.0.labels.%": "0",
                            "node_config.0.local_ssd_count": "0",
                            "node_config.0.machine_type": "n1-standard-2",
                            "node_config.0.metadata.%": "0",
                            "node_config.0.min_cpu_platform": "",
                            "node_config.0.oauth_scopes.#": "4",
                            "node_config.0.oauth_scopes.1277378754": "https://www.googleapis.com/auth/monitoring",
                            "node_config.0.oauth_scopes.1632638332": "https://www.googleapis.com/auth/devstorage.read_only",
                            "node_config.0.oauth_scopes.172152165": "https://www.googleapis.com/auth/logging.write",
                            "node_config.0.oauth_scopes.299962681": "https://www.googleapis.com/auth/compute",
                            "node_config.0.preemptible": "false",
                            "node_config.0.service_account": "default",
                            "node_config.0.tags.#": "0",
                            "node_config.0.workload_metadata_config.#": "0",
                            "node_count": "2",
                            "project": "concrete-198923",
                            "zone": "us-central1-a"
                        },
                        "meta": {
                            "e2bfb730-ecaa-11e6-8f88-34363bc7c4c0": {
                                "create": 1800000000000,
                                "delete": 600000000000,
                                "update": 600000000000
                            },
                            "schema_version": "1"
                        },
                        "tainted": false
                    },
                    "deposed": [],
                    "provider": "provider.google"
                }
            },
            "depends_on": []
        }
    ]
}
