{
    "version": 3,
    "terraform_version": "0.11.4",
    "serial": 19,
    "lineage": "4a2ef8c9-edcf-a4ad-4cd2-52bc3f024e8a",
    "modules": [
        {
            "path": [
                "root"
            ],
            "outputs": {},
            "resources": {
                "google_compute_disk.default": {
                    "type": "google_compute_disk",
                    "depends_on": [
                        "google_compute_image.ci-image"
                    ],
                    "primary": {
                        "id": "jenkins-home",
                        "attributes": {
                            "id": "jenkins-home",
                            "image": "https://www.googleapis.com/compute/v1/projects/concrete-198923/global/images/jenkins-home-image",
                            "label_fingerprint": "42WmSpB8rSM=",
                            "labels.%": "0",
                            "name": "jenkins-home",
                            "project": "concrete-198923",
                            "self_link": "https://www.googleapis.com/compute/v1/projects/concrete-198923/zones/us-central1-a/disks/jenkins-home",
                            "size": "10",
                            "snapshot": "",
                            "type": "pd-standard",
                            "users.#": "0",
                            "zone": "us-central1-a"
                        },
                        "meta": {
                            "e2bfb730-ecaa-11e6-8f88-34363bc7c4c0": {
                                "create": 300000000000,
                                "delete": 300000000000,
                                "update": 300000000000
                            }
                        },
                        "tainted": false
                    },
                    "deposed": [],
                    "provider": "provider.google"
                },
                "google_compute_global_address.ci": {
                    "type": "google_compute_global_address",
                    "depends_on": [],
                    "primary": {
                        "id": "jenkins-dev",
                        "attributes": {
                            "address": "35.201.96.3",
                            "id": "jenkins-dev",
                            "ip_version": "",
                            "name": "jenkins-dev",
                            "project": "concrete-198923",
                            "self_link": "https://www.googleapis.com/compute/v1/projects/concrete-198923/global/addresses/jenkins-dev"
                        },
                        "meta": {},
                        "tainted": false
                    },
                    "deposed": [],
                    "provider": "provider.google"
                },
                "google_compute_image.ci-image": {
                    "type": "google_compute_image",
                    "depends_on": [],
                    "primary": {
                        "id": "jenkins-home-image",
                        "attributes": {
                            "description": "",
                            "family": "",
                            "id": "jenkins-home-image",
                            "label_fingerprint": "42WmSpB8rSM=",
                            "labels.%": "0",
                            "name": "jenkins-home-image",
                            "project": "concrete-198923",
                            "raw_disk.#": "1",
                            "raw_disk.0.container_type": "TAR",
                            "raw_disk.0.sha1": "",
                            "raw_disk.0.source": "https://storage.googleapis.com/solutions-public-assets/jenkins-cd/jenkins-home-v3.tar.gz",
                            "self_link": "https://www.googleapis.com/compute/v1/projects/concrete-198923/global/images/jenkins-home-image"
                        },
                        "meta": {
                            "e2bfb730-ecaa-11e6-8f88-34363bc7c4c0": {
                                "create": 240000000000,
                                "delete": 240000000000,
                                "update": 240000000000
                            }
                        },
                        "tainted": false
                    },
                    "deposed": [],
                    "provider": "provider.google"
                },
                "google_compute_network.gcn-api": {
                    "type": "google_compute_network",
                    "depends_on": [],
                    "primary": {
                        "id": "petclinic-dev",
                        "attributes": {
                            "auto_create_subnetworks": "true",
                            "description": "",
                            "gateway_ipv4": "",
                            "id": "petclinic-dev",
                            "ipv4_range": "",
                            "name": "petclinic-dev",
                            "project": "concrete-198923",
                            "routing_mode": "REGIONAL",
                            "self_link": "https://www.googleapis.com/compute/v1/projects/concrete-198923/global/networks/petclinic-dev"
                        },
                        "meta": {},
                        "tainted": false
                    },
                    "deposed": [],
                    "provider": "provider.google"
                },
                "google_compute_network.gcn-ci": {
                    "type": "google_compute_network",
                    "depends_on": [],
                    "primary": {
                        "id": "jenkins-dev",
                        "attributes": {
                            "auto_create_subnetworks": "true",
                            "description": "",
                            "gateway_ipv4": "",
                            "id": "jenkins-dev",
                            "ipv4_range": "",
                            "name": "jenkins-dev",
                            "project": "concrete-198923",
                            "routing_mode": "REGIONAL",
                            "self_link": "https://www.googleapis.com/compute/v1/projects/concrete-198923/global/networks/jenkins-dev"
                        },
                        "meta": {},
                        "tainted": false
                    },
                    "deposed": [],
                    "provider": "provider.google"
                },
                "google_container_cluster.api": {
                    "type": "google_container_cluster",
                    "depends_on": [
                        "google_compute_network.gcn-api"
                    ],
                    "primary": {
                        "id": "petclinic-dev",
                        "attributes": {
                            "additional_zones.#": "0",
                            "addons_config.#": "1",
                            "addons_config.0.horizontal_pod_autoscaling.#": "0",
                            "addons_config.0.http_load_balancing.#": "0",
                            "addons_config.0.kubernetes_dashboard.#": "0",
                            "addons_config.0.network_policy_config.#": "1",
                            "addons_config.0.network_policy_config.0.disabled": "true",
                            "cluster_ipv4_cidr": "10.16.0.0/14",
                            "description": "",
                            "enable_kubernetes_alpha": "false",
                            "enable_legacy_abac": "true",
                            "endpoint": "35.226.230.4",
                            "id": "petclinic-dev",
                            "initial_node_count": "0",
                            "instance_group_urls.#": "2",
                            "instance_group_urls.0": "https://www.googleapis.com/compute/v1/projects/concrete-198923/zones/us-central1-a/instanceGroups/gke-petclinic-dev-default-pool-aa1deabb-grp",
                            "instance_group_urls.1": "https://www.googleapis.com/compute/v1/projects/concrete-198923/zones/us-central1-a/instanceGroups/gke-petclinic-dev-api-092d9247-grp",
                            "logging_service": "logging.googleapis.com",
                            "master_auth.#": "1",
                            "master_auth.0.client_certificate": "LS0tLS1CRUdJTiBDRVJUSUZJQ0FURS0tLS0tCk1JSUMyekNDQWNPZ0F3SUJBZ0lSQU81cmhZNFJIaHZGS0RVYm11aml6R1F3RFFZSktvWklodmNOQVFFTEJRQXcKTHpFdE1Dc0dBMVVFQXhNa05XSXpNREV4WVRFdFl6RTNPQzAwWmpBMExUazJNV0V0T1RSaFpUUmlNVE5sWkdNegpNQjRYRFRFNE1ETXlNekF5TVRrd09Wb1hEVEl6TURNeU1qQXlNVGt3T1Zvd0VURVBNQTBHQTFVRUF4TUdZMnhwClpXNTBNSUlCSWpBTkJna3Foa2lHOXcwQkFRRUZBQU9DQVE4QU1JSUJDZ0tDQVFFQXdvVi93alRLRjJjVmlQVEMKNjVLZDBOd0c5Z0dGdFVXYndCWHlOd2NpVGFteUdYc3lNYkxvZDhUVFZ1bGtNWWpYanYrMUtsY1FscFlxU1N2NwpQTi9wOUhucmtNcmpJdGpVMWhCY0tYaS95YjkyRUpiRnVHRy9sQzBrVHI3K1pzVDFBLzJ1d1dtZ3N6WDBVRE8vCkg5c0JycnZFOC9PNnd3UUkrOThkTDcwb296K1RkWEttK01yeExmQmNKdm9YNmJRa082ZjIwem5xQW1rMDdVOVMKMGs1VldKTHZxcSt2VHJjNWFzMWNmY2RVMmhER0NOZFFqby9EczBycVZWNDZJcW0wSmZMSWVML1hMcUVhei82RgpaVUxnWGM0blQ0bEpUYkM4UHJPZFRnQy9zaTVhUFRyNW14SkpYMFAzcGRjT0VBZVdKVXRSYzNtMmF3NkllNS9JCnVvVEtnd0lEQVFBQm94QXdEakFNQmdOVkhSTUJBZjhFQWpBQU1BMEdDU3FHU0liM0RRRUJDd1VBQTRJQkFRQlIKTEFmS25kM1prWFZ2YS9yRWNyeUp0Ymg5ajA0NWdTdHJOZDNvbUpKZHRmc0dSbThJMThMQ0VJRnFialhzSDFqMwpacUdqR3FyYkhZSndrU1J6cGtQd0p1TjNGNWExb0puRkxUS3lqSmdyYm45alJORTNQaGxqYXBmWnh1eHk3b1FiCkswczdOWHljSVlLbTY1VDkxVWQ2QVF2Rm1mM0V1VXduK013a1RpbEl5TFQ0M3dkZ1BtQmRWNmVRSGIyTUZXT3QKWjJrWmRSelpzZTVKZ2tjVU5kS0Q1d2Y0bmc1TXQraTV5Umxrb1NFRkVJaDhqU2ZKdUI1MzZ4U0crMk1pL2pjWApmWUhtTUxHWDhWMEh0TUpsVE1kUHN0ekxlVWZtYkRMdzYvT3Y4Z01GLzN6KzE3TWFaNVFua0FvKzFLR25TdGdzClFWeUtiNWtESy9zb1JvQXFKVHJjCi0tLS0tRU5EIENFUlRJRklDQVRFLS0tLS0K",
                            "master_auth.0.client_key": "LS0tLS1CRUdJTiBSU0EgUFJJVkFURSBLRVktLS0tLQpNSUlFb3dJQkFBS0NBUUVBd29WL3dqVEtGMmNWaVBUQzY1S2QwTndHOWdHRnRVV2J3Qlh5TndjaVRhbXlHWHN5Ck1iTG9kOFRUVnVsa01ZalhqdisxS2xjUWxwWXFTU3Y3UE4vcDlIbnJrTXJqSXRqVTFoQmNLWGkveWI5MkVKYkYKdUdHL2xDMGtUcjcrWnNUMUEvMnV3V21nc3pYMFVETy9IOXNCcnJ2RTgvTzZ3d1FJKzk4ZEw3MG9veitUZFhLbQorTXJ4TGZCY0p2b1g2YlFrTzZmMjB6bnFBbWswN1U5UzBrNVZXSkx2cXErdlRyYzVhczFjZmNkVTJoREdDTmRRCmpvL0RzMHJxVlY0NklxbTBKZkxJZUwvWExxRWF6LzZGWlVMZ1hjNG5UNGxKVGJDOFByT2RUZ0Mvc2k1YVBUcjUKbXhKSlgwUDNwZGNPRUFlV0pVdFJjM20yYXc2SWU1L0l1b1RLZ3dJREFRQUJBb0lCQUJPc2xmWHFDZkNoQS93VQpxV3hUS1hRWTlQbEh3U0xLOWd4UkMrMEY0ekhRc290Q094cnN1ZmQzS0ZyM2d5TkJjRy90ckFDcXlxbzRhUEY2CnFkQUg0NjFPOFlUMUNGRWJkamRxY3kvY255VkVJS2hmMzRLZEhGZmIwdnJGOVl3bWFwT3JRbFFjbjF6UTNiT0kKOEZGRUFPRVA2OFV5eHhaM1g0TStGMEVmVkM5aWpzS0JyZmNuOTRWc1VkSEVsdUlOUWFxQ0VCelNYMnVnZjB6WgpEYkdORThxRnZXNzg1NGZVcjBLaXJTdzYyRldCV3VxWjY2SG5JMC9VU1lGTkZsSWZBMXV3aHZZbmlRYkFmdUhNCndibHNyVHlxZkQ2ZUpnSzJQNTVZL09YN1V5alVwNnkrYTZpaHI1cEhESG5EV3hBZkIxMEttT1FMak9oaXFMM1QKSk1PRjVwRUNnWUVBL1RwbXlNTVd5dndLOEpGc3JGMEVHNTVsNlNqT205cEFTUEVpTTJzanRTVUQrUVhnd2NRVQpyTmIzTzZRcXpwQWxwczVkWGx5ZmtjUnY0REY2eHlDZGM2MTBMZUtrWEQ1TGF4aEhDQi94TGd1ZllVVlhZcFlHClJyeGt3OGlZVmFRakVnbnBQTW5FOEFHMFpWSDc1R2REU3kvaDFUVkkrSTdlM3Q5bk11ZzlWNUVDZ1lFQXhLYVcKMCt4eExHRG5laVFXVG9vbkRqUkIrTExxbDFNWEk3Mllya3dMUllQam4yUFF0Q2txa2JPa3MySFR6dWIydi8yTwp6ODlQRHp1MU1vUGdydUhKVFk0dlNpR3ZKQnVESTJWUU1qNEdDQlhVSWlDOEJsQ2RYMzNFRXhaSlRLMXd4ekRKCk1rZ2JUbS9tWnNBN3dzWUV5bWZVSHUzSWxSUWxSTUI0ckcxNHZ0TUNnWUVBcDFOMDRZb1B3SmNrLzJ1SW5LaGwKODM0S0p6UWd1ZGxRaXlKVEVCam1vbWJRSmplZEdVeGd3UWpXbXlGU2ErWFNDMVBuWEZmbDFPTXhiYm9rUC9vcwpNR2pZRVEzbXYxRW1jcUM3SndJOFVzbTVTZ1FReHdNTktLYUtDdGk4MkRJNlBrd3dRMHVzQjArSkRUNU1MTk9UCkl0YUQ2bWRvVFYzU3BRQ0g1NXFRRmhFQ2dZQUY1N3Evd21uam0wVllOWjAxM3BBdHJRUU9JOUZIbWdjbjI1bXEKSWo1MFovRjk1OUZzbDQvZnNEVlI3YTRlbUhEd2N2ekc0TUxQQWt2K3FGY202VURTUTJMSUp4ckxTc2cxVitXQQpuTHd4b2ZZczBDN1ZRYlo0RjU2N3MvK2ZmZFhWSlhIbFFLVVJSZXIxU3ZDQWVOSE1BaklzZTVkNllwQjc4QXV2Cm9kbnVZUUtCZ0RIZE03UkRKLzd4RlJrUTd1MlJHQzNlOUlQczBNWlVEdXFyTDI2dlhPSjRDZDVVcHhkSzZXNncKRUkxTjkyTC9LRjRnamhIY056WVpEaDAwd1dCcTRRTkVFclRJNFZmTjhYUlNyQStLSklCYVd3b3ZPL0crK0R3TQpYR01QVWk1dkkyM2l1NkZXQ3dHMlovUFNRTmM5eHVxbW9kdnJkaVJybDlzODM2YWI0UTlhCi0tLS0tRU5EIFJTQSBQUklWQVRFIEtFWS0tLS0tCg==",
                            "master_auth.0.cluster_ca_certificate": "LS0tLS1CRUdJTiBDRVJUSUZJQ0FURS0tLS0tCk1JSURERENDQWZTZ0F3SUJBZ0lSQU1tc1pkTHhnZENLNTNKbHVJZExpQU13RFFZSktvWklodmNOQVFFTEJRQXcKTHpFdE1Dc0dBMVVFQXhNa05XSXpNREV4WVRFdFl6RTNPQzAwWmpBMExUazJNV0V0T1RSaFpUUmlNVE5sWkdNegpNQjRYRFRFNE1ETXlNekF4TVRrd09Wb1hEVEl6TURNeU1qQXlNVGt3T1Zvd0x6RXRNQ3NHQTFVRUF4TWtOV0l6Ck1ERXhZVEV0WXpFM09DMDBaakEwTFRrMk1XRXRPVFJoWlRSaU1UTmxaR016TUlJQklqQU5CZ2txaGtpRzl3MEIKQVFFRkFBT0NBUThBTUlJQkNnS0NBUUVBeUJBajNMOTlVRVpNK244TWN1WDU1MDRVajZrZzNHbHRpN2VnRDdkNQpWQjYxdHp2QVUxcUJCL21VZWx4V0UrcDVjeDNSd0lNTjlVd2kzRnZyYjFkVTNBcTlpc3I4OUdQUkhyOEVGNUJOCnpjR0VjS0o5bzJ6N3VKQ204dEZoOGthdWI0ZUlSR2JpdXVYcmlHM1pKbFV1dFRodFhiMWoxdjFrOXVPY3JUbXgKS1Q5RFFGMVFqejNxSUthTldlajhYVUFmeEw3aGlQSm5ZUEYzeHpXZkcydDYwTXo5ZlFmU3dpWDRlanBUbmZXMwo3WTBXYVFkdWFpVFJGbXlOMytZcEVSYVJROWowNG0zQ1hQOExDd3dFRiszOXlCdjB2QVJ0bnovM2xWTThlYTEzCm5JdG5IazR4NkhCSVBMdGlDRHJDZ01zVDRwS2svSlhuV3ZUUFAycXVhQ2JyaFFJREFRQUJveU13SVRBT0JnTlYKSFE4QkFmOEVCQU1DQWdRd0R3WURWUjBUQVFIL0JBVXdBd0VCL3pBTkJna3Foa2lHOXcwQkFRc0ZBQU9DQVFFQQpZTmtWcUpvdW5pcllkQ2o4cGFDbXQ2WXcxYUdVTnNLeHVEUS94UldqV3JIK1pHZTVpaHJ2c0daOStDa2VPSS9PCmtBbTVVZ3FtSUNvRkZhSndmZzdna1hTdVFpU3NST3VKRDQ0UnB3bGZvSjBlME13VWcxcThPRHJLNnl3TFE5RGcKTjVEVDlRY21BZ0Z4ZjhMTDRnZEpyVmZqWk5tbmszRFpGUXNocGE1N2tQU2ZZc0RJWkVwSzhZa1N1OEcreDI3SwpNUWJoeGhNN1cwUXNpVTdVMlhRbTJwNC9ibTFwVDdQQ0FhdUlGcHVRdmhGOVJHclljQnNRRUNLSHArQkFxNFQvCkt6ODY4ZkxjaENOaWpwSDlFQmpHeHdsK0pEU0dYWWttVXlVcktEbGRhT05aT0J0K1BnMjAvOHp4SkcvVDQyakQKRWkrby9TRGNHNENQL1FGWVJxVk5pUT09Ci0tLS0tRU5EIENFUlRJRklDQVRFLS0tLS0K",
                            "master_auth.0.password": "supersecretpassworddoxuplau",
                            "master_auth.0.username": "xuplau",
                            "master_version": "1.8.8-gke.0",
                            "monitoring_service": "monitoring.googleapis.com",
                            "name": "petclinic-dev",
                            "network": "petclinic-dev",
                            "network_policy.#": "0",
                            "node_config.#": "1",
                            "node_config.0.disk_size_gb": "100",
                            "node_config.0.guest_accelerator.#": "0",
                            "node_config.0.image_type": "COS",
                            "node_config.0.labels.%": "0",
                            "node_config.0.local_ssd_count": "0",
                            "node_config.0.machine_type": "n1-standard-1",
                            "node_config.0.metadata.%": "0",
                            "node_config.0.min_cpu_platform": "",
                            "node_config.0.oauth_scopes.#": "6",
                            "node_config.0.oauth_scopes.1277378754": "https://www.googleapis.com/auth/monitoring",
                            "node_config.0.oauth_scopes.1632638332": "https://www.googleapis.com/auth/devstorage.read_only",
                            "node_config.0.oauth_scopes.172152165": "https://www.googleapis.com/auth/logging.write",
                            "node_config.0.oauth_scopes.316356861": "https://www.googleapis.com/auth/service.management.readonly",
                            "node_config.0.oauth_scopes.3663490875": "https://www.googleapis.com/auth/servicecontrol",
                            "node_config.0.oauth_scopes.3859019814": "https://www.googleapis.com/auth/trace.append",
                            "node_config.0.preemptible": "false",
                            "node_config.0.service_account": "default",
                            "node_config.0.tags.#": "0",
                            "node_config.0.workload_metadata_config.#": "0",
                            "node_pool.#": "2",
                            "node_pool.0.autoscaling.#": "0",
                            "node_pool.0.initial_node_count": "0",
                            "node_pool.0.instance_group_urls.#": "1",
                            "node_pool.0.instance_group_urls.0": "https://www.googleapis.com/compute/v1/projects/concrete-198923/zones/us-central1-a/instanceGroupManagers/gke-petclinic-dev-default-pool-aa1deabb-grp",
                            "node_pool.0.management.#": "1",
                            "node_pool.0.management.0.auto_repair": "false",
                            "node_pool.0.management.0.auto_upgrade": "false",
                            "node_pool.0.name": "default-pool",
                            "node_pool.0.name_prefix": "",
                            "node_pool.0.node_config.#": "1",
                            "node_pool.0.node_config.0.disk_size_gb": "100",
                            "node_pool.0.node_config.0.guest_accelerator.#": "0",
                            "node_pool.0.node_config.0.image_type": "COS",
                            "node_pool.0.node_config.0.labels.%": "0",
                            "node_pool.0.node_config.0.local_ssd_count": "0",
                            "node_pool.0.node_config.0.machine_type": "n1-standard-1",
                            "node_pool.0.node_config.0.metadata.%": "0",
                            "node_pool.0.node_config.0.min_cpu_platform": "",
                            "node_pool.0.node_config.0.oauth_scopes.#": "6",
                            "node_pool.0.node_config.0.oauth_scopes.1277378754": "https://www.googleapis.com/auth/monitoring",
                            "node_pool.0.node_config.0.oauth_scopes.1632638332": "https://www.googleapis.com/auth/devstorage.read_only",
                            "node_pool.0.node_config.0.oauth_scopes.172152165": "https://www.googleapis.com/auth/logging.write",
                            "node_pool.0.node_config.0.oauth_scopes.316356861": "https://www.googleapis.com/auth/service.management.readonly",
                            "node_pool.0.node_config.0.oauth_scopes.3663490875": "https://www.googleapis.com/auth/servicecontrol",
                            "node_pool.0.node_config.0.oauth_scopes.3859019814": "https://www.googleapis.com/auth/trace.append",
                            "node_pool.0.node_config.0.preemptible": "false",
                            "node_pool.0.node_config.0.service_account": "default",
                            "node_pool.0.node_config.0.tags.#": "0",
                            "node_pool.0.node_config.0.workload_metadata_config.#": "0",
                            "node_pool.0.node_count": "0",
                            "node_pool.1.autoscaling.#": "0",
                            "node_pool.1.initial_node_count": "1",
                            "node_pool.1.instance_group_urls.#": "1",
                            "node_pool.1.instance_group_urls.0": "https://www.googleapis.com/compute/v1/projects/concrete-198923/zones/us-central1-a/instanceGroupManagers/gke-petclinic-dev-api-092d9247-grp",
                            "node_pool.1.management.#": "1",
                            "node_pool.1.management.0.auto_repair": "false",
                            "node_pool.1.management.0.auto_upgrade": "false",
                            "node_pool.1.name": "api",
                            "node_pool.1.name_prefix": "",
                            "node_pool.1.node_config.#": "1",
                            "node_pool.1.node_config.0.disk_size_gb": "100",
                            "node_pool.1.node_config.0.guest_accelerator.#": "0",
                            "node_pool.1.node_config.0.image_type": "COS",
                            "node_pool.1.node_config.0.labels.%": "0",
                            "node_pool.1.node_config.0.local_ssd_count": "0",
                            "node_pool.1.node_config.0.machine_type": "n1-standard-1",
                            "node_pool.1.node_config.0.metadata.%": "0",
                            "node_pool.1.node_config.0.min_cpu_platform": "",
                            "node_pool.1.node_config.0.oauth_scopes.#": "4",
                            "node_pool.1.node_config.0.oauth_scopes.1277378754": "https://www.googleapis.com/auth/monitoring",
                            "node_pool.1.node_config.0.oauth_scopes.1632638332": "https://www.googleapis.com/auth/devstorage.read_only",
                            "node_pool.1.node_config.0.oauth_scopes.172152165": "https://www.googleapis.com/auth/logging.write",
                            "node_pool.1.node_config.0.oauth_scopes.299962681": "https://www.googleapis.com/auth/compute",
                            "node_pool.1.node_config.0.preemptible": "true",
                            "node_pool.1.node_config.0.service_account": "default",
                            "node_pool.1.node_config.0.tags.#": "0",
                            "node_pool.1.node_config.0.workload_metadata_config.#": "0",
                            "node_pool.1.node_count": "1",
                            "node_version": "1.8.8-gke.0",
                            "project": "concrete-198923",
                            "subnetwork": "petclinic-dev",
                            "zone": "us-central1-a"
                        },
                        "meta": {
                            "e2bfb730-ecaa-11e6-8f88-34363bc7c4c0": {
                                "create": 1800000000000,
                                "delete": 600000000000,
                                "update": 600000000000
                            },
                            "schema_version": "1"
                        },
                        "tainted": false
                    },
                    "deposed": [],
                    "provider": "provider.google"
                },
                "google_container_cluster.ci": {
                    "type": "google_container_cluster",
                    "depends_on": [
                        "google_compute_network.gcn-ci"
                    ],
                    "primary": {
                        "id": "jenkins-dev",
                        "attributes": {
                            "additional_zones.#": "0",
                            "addons_config.#": "1",
                            "addons_config.0.horizontal_pod_autoscaling.#": "0",
                            "addons_config.0.http_load_balancing.#": "0",
                            "addons_config.0.kubernetes_dashboard.#": "0",
                            "addons_config.0.network_policy_config.#": "1",
                            "addons_config.0.network_policy_config.0.disabled": "true",
                            "cluster_ipv4_cidr": "10.12.0.0/14",
                            "description": "",
                            "enable_kubernetes_alpha": "false",
                            "enable_legacy_abac": "true",
                            "endpoint": "173.255.115.243",
                            "id": "jenkins-dev",
                            "initial_node_count": "0",
                            "instance_group_urls.#": "2",
                            "instance_group_urls.0": "https://www.googleapis.com/compute/v1/projects/concrete-198923/zones/us-central1-a/instanceGroups/gke-jenkins-dev-default-pool-1e635b5b-grp",
                            "instance_group_urls.1": "https://www.googleapis.com/compute/v1/projects/concrete-198923/zones/us-central1-a/instanceGroups/gke-jenkins-dev-ci-184319d1-grp",
                            "logging_service": "logging.googleapis.com",
                            "master_auth.#": "1",
                            "master_auth.0.client_certificate": "LS0tLS1CRUdJTiBDRVJUSUZJQ0FURS0tLS0tCk1JSUMyakNDQWNLZ0F3SUJBZ0lRTThubTdxS25nLzdUa2M0SDVCd0E5VEFOQmdrcWhraUc5dzBCQVFzRkFEQXYKTVMwd0t3WURWUVFERXlReFlUaGtaVGRpWmkxbFlXSmhMVFE1T1dZdFlUQTBOUzB3WmpGaFlUSmtOMlE0WVdZdwpIaGNOTVRnd016SXpNREl4T1RBNVdoY05Nak13TXpJeU1ESXhPVEE1V2pBUk1ROHdEUVlEVlFRREV3WmpiR2xsCmJuUXdnZ0VpTUEwR0NTcUdTSWIzRFFFQkFRVUFBNElCRHdBd2dnRUtBb0lCQVFDMEM1ay9IZGNlbERSVlpxcS8KL1ZHWVB1WmhFWlVPSVNETVJtbERycldCdWsxcVVtWHkrUzN5NE9MYURZaHFRTWlyeG4rT01Xa1M1dk5tTklmNAo0ajU4SWZrY2o5NEgwalBOR0dad0I4T1pmT1djNUdVWlk1THlWWEUrMFRzTEROUUowUjlnZlNIUTk4Y2ZISjhrCkVEQkNjQnl4aGszSSsrZGlwVUNnN2Z2eTdPcjRjdlB0MmVYNldYcW9Xc2czano2RGdyL3BpNEZzTDJpVytFOGQKblEvT1pPNFdDenZwVGtDaWFxYVgwazFtN0RoTWhDMDIzeW03eEJCYUhLZXZtZEczckNoT2NvRmd0TzBkbHFnbwpWVVpTaUhpZzJGVXZsWDFocVFBcTNxREM2RVQ2WVpjaVNsRjNWN21WVTJiY0RxMmg1MDZsdUhxZENCRlRraTNrCjlmSjVBZ01CQUFHakVEQU9NQXdHQTFVZEV3RUIvd1FDTUFBd0RRWUpLb1pJaHZjTkFRRUxCUUFEZ2dFQkFGMHAKQVVPNWRMb2Eydkdacjd4TS85SnRDMktqenlJVnNnZEZtTlV5RGdtRVNLWlFoamp3dEFZQTN3WTFrd2FWeDVtRApmNVN3amFBOWtaV292Wml1L3lRemZDOFVNQm41Rk56Zk1icndwZk5UN3FQTk1TYzU5bUY2bVp0TEFSaDA5dm8wCjAwUHJkeFZGSjh0MFE3RXNLeWJwQ0t6L3pHWTAxbk5sQWNYRkM2di9mNFNHZ09HTmlickZnMGJYbGRzeWJUQ1cKTTR2RTZVdjV2WDhwdGsxZ0JVcUt2enpYaDBKK3d1NHg4eXFBVTFhc256Tk5uRUhuc3VqWFk3dXZlUitvYkFLNQo2NkRuZzZyK3F4OFBoNGZrWkNIaVlqUkNiYkVqN2FDV3pYZ3Jra21VWDU0YnJkK3lXWU94RmV0bzhUT3NoL3ZTCkhVcTFtUUhQK2ptZXQ3YU1GWEk9Ci0tLS0tRU5EIENFUlRJRklDQVRFLS0tLS0K",
                            "master_auth.0.client_key": "LS0tLS1CRUdJTiBSU0EgUFJJVkFURSBLRVktLS0tLQpNSUlFcEFJQkFBS0NBUUVBdEF1WlB4M1hIcFEwVldhcXYvMVJtRDdtWVJHVkRpRWd6RVpwUTY2MWdicE5hbEpsCjh2a3Q4dURpMmcySWFrRElxOFovampGcEV1YnpaalNIK09JK2ZDSDVISS9lQjlJenpSaG1jQWZEbVh6bG5PUmwKR1dPUzhsVnhQdEU3Q3d6VUNkRWZZSDBoMFBmSEh4eWZKQkF3UW5BY3NZWk55UHZuWXFWQW9PMzc4dXpxK0hMego3ZG5sK2xsNnFGcklONDgrZzRLLzZZdUJiQzlvbHZoUEhaMFB6bVR1RmdzNzZVNUFvbXFtbDlKTlp1dzRUSVF0Ck50OHB1OFFRV2h5bnI1blJ0NndvVG5LQllMVHRIWmFvS0ZWR1VvaDRvTmhWTDVWOVlha0FLdDZnd3VoRSttR1gKSWtwUmQxZTVsVk5tM0E2dG9lZE9wYmg2blFnUlU1SXQ1UFh5ZVFJREFRQUJBb0lCQUFrcVd2Mkp6eGp0S2dIYgo5VjdMTGtOdUZrdkVPWjZMeEsvcGVMUGJtYjFXSnRrK0F4Y2NwTUJydnRpalhqbXNmUnF6Z3V4UjZ4dXRlcUFPCkZncnZONGVac2lVSVZPRDRqQzhKYWpPVFRadUxibVB2ZzQ4SWtPTTV3c2RVSHVtWDJGWjhtUmlRSGkvVllVTmQKOFdNRVdQU1U0UDBQalhlcERUVXFIUEZrVkJKZ2M4dTBFNEJiQnRkUmpPYzNHRlNSZlZ5SThzNU1TUWhTd3NZcApSVFFrQlZMVUttVEFTRnNsQTQ4N3FGbGpHb1M2RWFNTnJSdjBNblNldE9RUXRsT1k4MDAyQm1SY0srQTBWSzBKCkxwdkJwSDJpNWxvN0NKMGdBbTRVTlNyVHZxVmt1bGlHSXMyS3lueEdpVW5FR2RQU0pEZ1JicDBPcjFLdlY3aVcKWDR0Mm1WVUNnWUVBNDJnRFpIOEwvbS9TZnhpNUFqUndQSW9nOTlUK1crQ1VzKzgvQlNacXpIdHBiNGNnNUdpTwpBMWoza3lYNTBkaUVnNFhUVi9lSmt2Q2xrVW5xcUNuNWovTFE4YStadjZxNVIwdUN0VzkwVlF5b3U1QTBUUXdBCjdlMXQyTko0YTI0SCszNjExRFEvdm5SMkdvQ1dYQVEyRURLU095S1RVZWtrZkRBanZyRVRiSDBDZ1lFQXlxOFUKeWUxODlKUVIxVHRYVFAzdnNDZmxpMG40T0ovUjhpU3k4eHhnR0N4bjRiUVpIeGMzQVpiSGtsdUFOVzk1blZNcQpJcHB6UmIwOHVtOENrUHZVdGlrTFd2WmJETmVFd21VSVFTWGJ3Mkp0VDcvQS9iK3FLQXk2SUsraDBBaVlHZmRUCnpPNEl1d1c0QWhUaG1UQklmUW1jZ0NYTHdWV1hQWmR4dVVnWHlxMENnWUVBMzZOVDZzb3l2bWUwS0QvaytqRWQKeTd1L3psck9Sd2JtMXNuTFBVSlp0MzBLNUo2TWozUHZiWVZaL0lGVlhMVEZKUjlBQi91dGRTOXFkQ2F3T2U4Rgp1algrbkNDb1lHRUNVd1lFcG0vVWhTdXM2TUJaWHdnV0JlY0FwMEhkSVRHVmNoUmJ0elFuR0NNcVhzZmtsdHVoClcyNlFkczE2K2d3QlVJeDdLcmEwTm5VQ2dZQWZzTVpZV0Vpc1dTWjhwNTJielN5WDUzVU5sVkE1VWt2YVI0Q3YKWUdWcUFpOXY2OS90cTR5UE5Bc2FTREpBcUtCa1IrZVRwNENVaStVZDVWT0taY1c1Z2F0ajJwY2I1K3E3Rmw3MwpDTHRXem1IM0VTMVV2NDRVV3dFVE1VTGtxeU5WRkFYSFNnU1ZjV3gyN3RyalA5aGxySVlLeDE0WGFaR1BNTW00ClJaeHF0UUtCZ1FDMi9xN0ttS0pVQmorZXlYamk3LytUSkNhclI4SFV2R3VhdFN2UGkySi9XQzVEVSttTTloNXkKUjZoNkN0MUdTYWhTdkVyMkwxcXFyajVCNnhLN1o1SFF2dHd0cjNibXd6QzF5K3g5THVtYnk4aXRaZEVjbHNkLwp0SWk2Q2lwY2Q1enRkV3ZyZ2YvblB5S2ZQdDdvcDBRNjJNc2kvL0gxb1ZnUzhkdXRYN1R0L3c9PQotLS0tLUVORCBSU0EgUFJJVkFURSBLRVktLS0tLQo=",
                            "master_auth.0.cluster_ca_certificate": "LS0tLS1CRUdJTiBDRVJUSUZJQ0FURS0tLS0tCk1JSURERENDQWZTZ0F3SUJBZ0lSQU9lSCtOMDBENDBISGVWRWNNT09Wa2t3RFFZSktvWklodmNOQVFFTEJRQXcKTHpFdE1Dc0dBMVVFQXhNa01XRTRaR1UzWW1ZdFpXRmlZUzAwT1RsbUxXRXdORFV0TUdZeFlXRXlaRGRrT0dGbQpNQjRYRFRFNE1ETXlNekF4TVRrd09Wb1hEVEl6TURNeU1qQXlNVGt3T1Zvd0x6RXRNQ3NHQTFVRUF4TWtNV0U0ClpHVTNZbVl0WldGaVlTMDBPVGxtTFdFd05EVXRNR1l4WVdFeVpEZGtPR0ZtTUlJQklqQU5CZ2txaGtpRzl3MEIKQVFFRkFBT0NBUThBTUlJQkNnS0NBUUVBczJPZ0RUTWlpUlBPMFEyM1ViVjlFZmQ2Z2gwVDhWTWZNUVlxUDZUZwpScUYxZUFsQkJOVW1wVGpVWkVHRldITlYzVEdlbU9oUTZ3aXVSR1Q0bXFlN2xCWWt2cEZkZVl0QWxpKy9ETzVBCmlqcVkwRlovRUF3OEI4Y1NlZ043cWFsMWdjc0o4NTNwK25tUnpwd0JJNDZvNGoxT1NDaUpXYWthYXNDa3dsaEIKNU5yZll5MUs5SXhLcG94a3R1ZGc3RkJiUGFocTZKYnBubGwzMm96Vkt0UWhncUorY3d2N2c2WEJ4Q1dYTEZrKwppU0pxMUw3NWdJVmRBZXZlYTFRTnZxZVhyekU4N0E1TXpMRjgrMVVEMEVicnVuRGpBVlMxaW1OR2xFL3dQVzZsCnF6MGxMSUhlNUg0OFpVL0VEVzhROThWMFo1RU81WmpESFkwOXd0QURrdUdGdHdJREFRQUJveU13SVRBT0JnTlYKSFE4QkFmOEVCQU1DQWdRd0R3WURWUjBUQVFIL0JBVXdBd0VCL3pBTkJna3Foa2lHOXcwQkFRc0ZBQU9DQVFFQQpoTDE0UW4yMVdIQW9FeW1rcVFRQjZjOU4xekFsdkhrS3FzNGg5T3NPbVZDWmlMb25WWnBEWmxDM1JqdGx6Q01VCm5uUFlPS3hqeHR0WUN6RE1VQlJ0ejdiQ2ViWURlQ0wvMm90MlU4UmRHdXoyR2ZveWZ5TGJBMkdXZG9QVnJZMloKakVHQkhQWVdHMXRhQnhhUno1TlFRZDJmc2N1TUlmTXNGN0FHL0R3V2Y1RVpXeFNNQmlnd3dXQzY1V1pOekxQWApUOE9PaVYwaitRWjJVTXJSYytiN21XMEhOUUxzU2RsNjVCK3EyVXFjZ1ZabExPTWF6K0JMS0M2VERsclZjdW1tCldZbTVCa2NLT0JoS3dFdEJnTUhnc3d2azJuTXlPcXQ2UGpBRzkyMEw5NllLSkR1a2FnNm9mdjArUHhmNHpyaTAKb1BPOTFCYVVRQ2FjVEVabXZkRkpjQT09Ci0tLS0tRU5EIENFUlRJRklDQVRFLS0tLS0K",
                            "master_auth.0.password": "supersecretpassworddoxuplau",
                            "master_auth.0.username": "xuplau",
                            "master_version": "1.8.8-gke.0",
                            "monitoring_service": "monitoring.googleapis.com",
                            "name": "jenkins-dev",
                            "network": "jenkins-dev",
                            "network_policy.#": "0",
                            "node_config.#": "1",
                            "node_config.0.disk_size_gb": "100",
                            "node_config.0.guest_accelerator.#": "0",
                            "node_config.0.image_type": "COS",
                            "node_config.0.labels.%": "0",
                            "node_config.0.local_ssd_count": "0",
                            "node_config.0.machine_type": "n1-standard-1",
                            "node_config.0.metadata.%": "0",
                            "node_config.0.min_cpu_platform": "",
                            "node_config.0.oauth_scopes.#": "6",
                            "node_config.0.oauth_scopes.1277378754": "https://www.googleapis.com/auth/monitoring",
                            "node_config.0.oauth_scopes.1632638332": "https://www.googleapis.com/auth/devstorage.read_only",
                            "node_config.0.oauth_scopes.172152165": "https://www.googleapis.com/auth/logging.write",
                            "node_config.0.oauth_scopes.316356861": "https://www.googleapis.com/auth/service.management.readonly",
                            "node_config.0.oauth_scopes.3663490875": "https://www.googleapis.com/auth/servicecontrol",
                            "node_config.0.oauth_scopes.3859019814": "https://www.googleapis.com/auth/trace.append",
                            "node_config.0.preemptible": "false",
                            "node_config.0.service_account": "default",
                            "node_config.0.tags.#": "0",
                            "node_config.0.workload_metadata_config.#": "0",
                            "node_pool.#": "2",
                            "node_pool.0.autoscaling.#": "0",
                            "node_pool.0.initial_node_count": "0",
                            "node_pool.0.instance_group_urls.#": "1",
                            "node_pool.0.instance_group_urls.0": "https://www.googleapis.com/compute/v1/projects/concrete-198923/zones/us-central1-a/instanceGroupManagers/gke-jenkins-dev-default-pool-1e635b5b-grp",
                            "node_pool.0.management.#": "1",
                            "node_pool.0.management.0.auto_repair": "false",
                            "node_pool.0.management.0.auto_upgrade": "false",
                            "node_pool.0.name": "default-pool",
                            "node_pool.0.name_prefix": "",
                            "node_pool.0.node_config.#": "1",
                            "node_pool.0.node_config.0.disk_size_gb": "100",
                            "node_pool.0.node_config.0.guest_accelerator.#": "0",
                            "node_pool.0.node_config.0.image_type": "COS",
                            "node_pool.0.node_config.0.labels.%": "0",
                            "node_pool.0.node_config.0.local_ssd_count": "0",
                            "node_pool.0.node_config.0.machine_type": "n1-standard-1",
                            "node_pool.0.node_config.0.metadata.%": "0",
                            "node_pool.0.node_config.0.min_cpu_platform": "",
                            "node_pool.0.node_config.0.oauth_scopes.#": "6",
                            "node_pool.0.node_config.0.oauth_scopes.1277378754": "https://www.googleapis.com/auth/monitoring",
                            "node_pool.0.node_config.0.oauth_scopes.1632638332": "https://www.googleapis.com/auth/devstorage.read_only",
                            "node_pool.0.node_config.0.oauth_scopes.172152165": "https://www.googleapis.com/auth/logging.write",
                            "node_pool.0.node_config.0.oauth_scopes.316356861": "https://www.googleapis.com/auth/service.management.readonly",
                            "node_pool.0.node_config.0.oauth_scopes.3663490875": "https://www.googleapis.com/auth/servicecontrol",
                            "node_pool.0.node_config.0.oauth_scopes.3859019814": "https://www.googleapis.com/auth/trace.append",
                            "node_pool.0.node_config.0.preemptible": "false",
                            "node_pool.0.node_config.0.service_account": "default",
                            "node_pool.0.node_config.0.tags.#": "0",
                            "node_pool.0.node_config.0.workload_metadata_config.#": "0",
                            "node_pool.0.node_count": "0",
                            "node_pool.1.autoscaling.#": "0",
                            "node_pool.1.initial_node_count": "1",
                            "node_pool.1.instance_group_urls.#": "1",
                            "node_pool.1.instance_group_urls.0": "https://www.googleapis.com/compute/v1/projects/concrete-198923/zones/us-central1-a/instanceGroupManagers/gke-jenkins-dev-ci-184319d1-grp",
                            "node_pool.1.management.#": "1",
                            "node_pool.1.management.0.auto_repair": "false",
                            "node_pool.1.management.0.auto_upgrade": "false",
                            "node_pool.1.name": "ci",
                            "node_pool.1.name_prefix": "",
                            "node_pool.1.node_config.#": "1",
                            "node_pool.1.node_config.0.disk_size_gb": "100",
                            "node_pool.1.node_config.0.guest_accelerator.#": "0",
                            "node_pool.1.node_config.0.image_type": "COS",
                            "node_pool.1.node_config.0.labels.%": "0",
                            "node_pool.1.node_config.0.local_ssd_count": "0",
                            "node_pool.1.node_config.0.machine_type": "n1-standard-2",
                            "node_pool.1.node_config.0.metadata.%": "0",
                            "node_pool.1.node_config.0.min_cpu_platform": "",
                            "node_pool.1.node_config.0.oauth_scopes.#": "4",
                            "node_pool.1.node_config.0.oauth_scopes.1277378754": "https://www.googleapis.com/auth/monitoring",
                            "node_pool.1.node_config.0.oauth_scopes.1632638332": "https://www.googleapis.com/auth/devstorage.read_only",
                            "node_pool.1.node_config.0.oauth_scopes.172152165": "https://www.googleapis.com/auth/logging.write",
                            "node_pool.1.node_config.0.oauth_scopes.299962681": "https://www.googleapis.com/auth/compute",
                            "node_pool.1.node_config.0.preemptible": "true",
                            "node_pool.1.node_config.0.service_account": "default",
                            "node_pool.1.node_config.0.tags.#": "0",
                            "node_pool.1.node_config.0.workload_metadata_config.#": "0",
                            "node_pool.1.node_count": "1",
                            "node_version": "1.8.8-gke.0",
                            "project": "concrete-198923",
                            "subnetwork": "jenkins-dev",
                            "zone": "us-central1-a"
                        },
                        "meta": {
                            "e2bfb730-ecaa-11e6-8f88-34363bc7c4c0": {
                                "create": 1800000000000,
                                "delete": 600000000000,
                                "update": 600000000000
                            },
                            "schema_version": "1"
                        },
                        "tainted": false
                    },
                    "deposed": [],
                    "provider": "provider.google"
                },
                "google_container_node_pool.api": {
                    "type": "google_container_node_pool",
                    "depends_on": [
                        "google_container_cluster.api"
                    ],
                    "primary": {
                        "id": "us-central1-a/petclinic-dev/api",
                        "attributes": {
                            "cluster": "petclinic-dev",
                            "id": "us-central1-a/petclinic-dev/api",
                            "initial_node_count": "1",
                            "instance_group_urls.#": "1",
                            "instance_group_urls.0": "https://www.googleapis.com/compute/v1/projects/concrete-198923/zones/us-central1-a/instanceGroupManagers/gke-petclinic-dev-api-092d9247-grp",
                            "management.#": "1",
                            "management.0.auto_repair": "false",
                            "management.0.auto_upgrade": "false",
                            "name": "api",
                            "name_prefix": "",
                            "node_config.#": "1",
                            "node_config.0.disk_size_gb": "100",
                            "node_config.0.guest_accelerator.#": "0",
                            "node_config.0.image_type": "COS",
                            "node_config.0.labels.%": "0",
                            "node_config.0.local_ssd_count": "0",
                            "node_config.0.machine_type": "n1-standard-1",
                            "node_config.0.metadata.%": "0",
                            "node_config.0.min_cpu_platform": "",
                            "node_config.0.oauth_scopes.#": "4",
                            "node_config.0.oauth_scopes.1277378754": "https://www.googleapis.com/auth/monitoring",
                            "node_config.0.oauth_scopes.1632638332": "https://www.googleapis.com/auth/devstorage.read_only",
                            "node_config.0.oauth_scopes.172152165": "https://www.googleapis.com/auth/logging.write",
                            "node_config.0.oauth_scopes.299962681": "https://www.googleapis.com/auth/compute",
                            "node_config.0.preemptible": "true",
                            "node_config.0.service_account": "default",
                            "node_config.0.tags.#": "0",
                            "node_config.0.workload_metadata_config.#": "0",
                            "node_count": "1",
                            "project": "concrete-198923",
                            "zone": "us-central1-a"
                        },
                        "meta": {
                            "e2bfb730-ecaa-11e6-8f88-34363bc7c4c0": {
                                "create": 1800000000000,
                                "delete": 600000000000,
                                "update": 600000000000
                            },
                            "schema_version": "1"
                        },
                        "tainted": false
                    },
                    "deposed": [],
                    "provider": "provider.google"
                },
                "google_container_node_pool.ci": {
                    "type": "google_container_node_pool",
                    "depends_on": [
                        "google_container_cluster.ci"
                    ],
                    "primary": {
                        "id": "us-central1-a/jenkins-dev/ci",
                        "attributes": {
                            "cluster": "jenkins-dev",
                            "id": "us-central1-a/jenkins-dev/ci",
                            "initial_node_count": "1",
                            "instance_group_urls.#": "1",
                            "instance_group_urls.0": "https://www.googleapis.com/compute/v1/projects/concrete-198923/zones/us-central1-a/instanceGroupManagers/gke-jenkins-dev-ci-184319d1-grp",
                            "management.#": "1",
                            "management.0.auto_repair": "false",
                            "management.0.auto_upgrade": "false",
                            "name": "ci",
                            "name_prefix": "",
                            "node_config.#": "1",
                            "node_config.0.disk_size_gb": "100",
                            "node_config.0.guest_accelerator.#": "0",
                            "node_config.0.image_type": "COS",
                            "node_config.0.labels.%": "0",
                            "node_config.0.local_ssd_count": "0",
                            "node_config.0.machine_type": "n1-standard-2",
                            "node_config.0.metadata.%": "0",
                            "node_config.0.min_cpu_platform": "",
                            "node_config.0.oauth_scopes.#": "4",
                            "node_config.0.oauth_scopes.1277378754": "https://www.googleapis.com/auth/monitoring",
                            "node_config.0.oauth_scopes.1632638332": "https://www.googleapis.com/auth/devstorage.read_only",
                            "node_config.0.oauth_scopes.172152165": "https://www.googleapis.com/auth/logging.write",
                            "node_config.0.oauth_scopes.299962681": "https://www.googleapis.com/auth/compute",
                            "node_config.0.preemptible": "true",
                            "node_config.0.service_account": "default",
                            "node_config.0.tags.#": "0",
                            "node_config.0.workload_metadata_config.#": "0",
                            "node_count": "1",
                            "project": "concrete-198923",
                            "zone": "us-central1-a"
                        },
                        "meta": {
                            "e2bfb730-ecaa-11e6-8f88-34363bc7c4c0": {
                                "create": 1800000000000,
                                "delete": 600000000000,
                                "update": 600000000000
                            },
                            "schema_version": "1"
                        },
                        "tainted": false
                    },
                    "deposed": [],
                    "provider": "provider.google"
                }
            },
            "depends_on": []
        }
    ]
}
